// !$*UTF8*$!
{
	archiveVersion = 1;
	classes = {
	};
	objectVersion = 45;
	objects = {

/* Begin PBXBuildFile section */
		1D3623260D0F684500981E51 /* TransitAppDelegate.m in Sources */ = {isa = PBXBuildFile; fileRef = 1D3623250D0F684500981E51 /* TransitAppDelegate.m */; };
		1D60589B0D05DD56006BFB54 /* main.m in Sources */ = {isa = PBXBuildFile; fileRef = 29B97316FDCFA39411CA2CEA /* main.m */; };
		1D60589F0D05DD5A006BFB54 /* Foundation.framework in Frameworks */ = {isa = PBXBuildFile; fileRef = 1D30AB110D05D00D00671497 /* Foundation.framework */; };
		1DF5F4E00D08C38300B7A737 /* UIKit.framework in Frameworks */ = {isa = PBXBuildFile; fileRef = 1DF5F4DF0D08C38300B7A737 /* UIKit.framework */; };
		28AD73880D9D96C1002E5188 /* MainWindow.xib in Resources */ = {isa = PBXBuildFile; fileRef = 28AD73870D9D96C1002E5188 /* MainWindow.xib */; };
		7D036688100C4CDD00685E44 /* AboutViewController.m in Sources */ = {isa = PBXBuildFile; fileRef = 7D036687100C4CDD00685E44 /* AboutViewController.m */; };
		7D04BD6A0EDE5A9000F5A842 /* RouteTripsViewController.m in Sources */ = {isa = PBXBuildFile; fileRef = 7D04BD690EDE5A9000F5A842 /* RouteTripsViewController.m */; };
		7D04BDB90EDE67A600F5A842 /* TripQuery.m in Sources */ = {isa = PBXBuildFile; fileRef = 7D04BDB80EDE67A600F5A842 /* TripQuery.m */; };
		7D04BDE40EDE6ADD00F5A842 /* PhpXmlQuery.m in Sources */ = {isa = PBXBuildFile; fileRef = 7D04BDE30EDE6ADD00F5A842 /* PhpXmlQuery.m */; };
		7D127E1D0E8636000068D300 /* StopSearchViewController.m in Sources */ = {isa = PBXBuildFile; fileRef = 7D127E1C0E8636000068D300 /* StopSearchViewController.m */; };
		7D127E940E8648E20068D300 /* libsqlite3.0.dylib in Frameworks */ = {isa = PBXBuildFile; fileRef = 7D127E930E8648E20068D300 /* libsqlite3.0.dylib */; };
		7D127EA10E8649170068D300 /* General.c in Sources */ = {isa = PBXBuildFile; fileRef = 7D127E9F0E8649170068D300 /* General.c */; };
		7D142D75102C109800AE6927 /* TagAddingView.xib in Resources */ = {isa = PBXBuildFile; fileRef = 7D142D74102C109800AE6927 /* TagAddingView.xib */; };
		7D142D7A102C167600AE6927 /* TagManagerViewController.m in Sources */ = {isa = PBXBuildFile; fileRef = 7D142D79102C167600AE6927 /* TagManagerViewController.m */; };
		7D142D94102C268000AE6927 /* TagAddingViewController.m in Sources */ = {isa = PBXBuildFile; fileRef = 7D142D92102C268000AE6927 /* TagAddingViewController.m */; };
		7D2F88AD0EAF12E0008FCA45 /* CityUpdateViewController.m in Sources */ = {isa = PBXBuildFile; fileRef = 7D2F88AC0EAF12E0008FCA45 /* CityUpdateViewController.m */; };
		7D33B2631025514A00B780CA /* RouteStops.m in Sources */ = {isa = PBXBuildFile; fileRef = 7D33B2621025514A00B780CA /* RouteStops.m */; };
		7D465FAB107C5D1F005B6233 /* SettingsViewController2.m in Sources */ = {isa = PBXBuildFile; fileRef = 7D465FAA107C5D1F005B6233 /* SettingsViewController2.m */; };
		7D465FC2107C5E61005B6233 /* CityUpdateViewController2.m in Sources */ = {isa = PBXBuildFile; fileRef = 7D465FC1107C5E61005B6233 /* CityUpdateViewController2.m */; };
		7D47AA83107FB89400A83D15 /* busIcon_m.png in Resources */ = {isa = PBXBuildFile; fileRef = 7D47AA82107FB89400A83D15 /* busIcon_m.png */; };
		7D47AAC6107FC63500A83D15 /* aboutvan.html in Resources */ = {isa = PBXBuildFile; fileRef = 7D47AAC5107FC63500A83D15 /* aboutvan.html */; };
		7D47AC701080824C00A83D15 /* dist.plist in Resources */ = {isa = PBXBuildFile; fileRef = 7D47AC6F1080824C00A83D15 /* dist.plist */; };
		7D59C9C50E94A9EC00FEA89A /* CitySelectViewController.m in Sources */ = {isa = PBXBuildFile; fileRef = 7D59C9C40E94A9EC00FEA89A /* CitySelectViewController.m */; };
		7D61AD110EE06FDB0023BCC4 /* DownloadManager.m in Sources */ = {isa = PBXBuildFile; fileRef = 7D61AD100EE06FDB0023BCC4 /* DownloadManager.m */; };
		7D6C0FC1102A9295002739BE /* StopActionViewController.m in Sources */ = {isa = PBXBuildFile; fileRef = 7D6C0FC0102A9295002739BE /* StopActionViewController.m */; };
		7D6C0FC6102A9DD1002739BE /* StopRouteViewHeader.m in Sources */ = {isa = PBXBuildFile; fileRef = 7D6C0FC5102A9DD1002739BE /* StopRouteViewHeader.m */; };
		7D6C1079102AAC81002739BE /* typestopicon.png in Resources */ = {isa = PBXBuildFile; fileRef = 7D6C1078102AAC81002739BE /* typestopicon.png */; };
		7D762D600EF19F6C00018CBA /* typetrainicon.png in Resources */ = {isa = PBXBuildFile; fileRef = 7D762D5F0EF19F6C00018CBA /* typetrainicon.png */; };
		7D762D690EF1A47D00018CBA /* typebusicon.png in Resources */ = {isa = PBXBuildFile; fileRef = 7D762D660EF1A47D00018CBA /* typebusicon.png */; };
		7D762D6A0EF1A47D00018CBA /* typeferryicon.png in Resources */ = {isa = PBXBuildFile; fileRef = 7D762D670EF1A47D00018CBA /* typeferryicon.png */; };
		7D762D6B0EF1A47D00018CBA /* typetramicon.png in Resources */ = {isa = PBXBuildFile; fileRef = 7D762D680EF1A47D00018CBA /* typetramicon.png */; };
		7D767C050E8578E300CEFE8A /* MapViewController.m in Sources */ = {isa = PBXBuildFile; fileRef = 7D767C020E8578E300CEFE8A /* MapViewController.m */; };
		7D767C060E8578E300CEFE8A /* StopsViewController.m in Sources */ = {isa = PBXBuildFile; fileRef = 7D767C040E8578E300CEFE8A /* StopsViewController.m */; };
		7D767C090E85790400CEFE8A /* StopCell.m in Sources */ = {isa = PBXBuildFile; fileRef = 7D767C080E85790400CEFE8A /* StopCell.m */; };
		7D767C0C0E85791100CEFE8A /* ArrivalCell.m in Sources */ = {isa = PBXBuildFile; fileRef = 7D767C0B0E85791100CEFE8A /* ArrivalCell.m */; };
		7D767C200E857B8700CEFE8A /* ArrivalQuery.m in Sources */ = {isa = PBXBuildFile; fileRef = 7D767C110E857B8700CEFE8A /* ArrivalQuery.m */; };
		7D767C210E857B8700CEFE8A /* BusArrival.m in Sources */ = {isa = PBXBuildFile; fileRef = 7D767C130E857B8700CEFE8A /* BusArrival.m */; };
		7D767C220E857B8700CEFE8A /* BusStop.m in Sources */ = {isa = PBXBuildFile; fileRef = 7D767C150E857B8700CEFE8A /* BusStop.m */; };
		7D767C270E857B8700CEFE8A /* StopQuery.m in Sources */ = {isa = PBXBuildFile; fileRef = 7D767C1F0E857B8700CEFE8A /* StopQuery.m */; };
		7D768FE10EDFDE2000FA3DFF /* InfoViewController.m in Sources */ = {isa = PBXBuildFile; fileRef = 7D768FE00EDFDE2000FA3DFF /* InfoViewController.m */; };
		7D76F41D0E85B8C50040B004 /* TransitApp.m in Sources */ = {isa = PBXBuildFile; fileRef = 7D76F41C0E85B8C50040B004 /* TransitApp.m */; };
		7D76F46E0E85BAED0040B004 /* CoreGraphics.framework in Frameworks */ = {isa = PBXBuildFile; fileRef = 7D76F46D0E85BAED0040B004 /* CoreGraphics.framework */; };
		7D76F4DE0E85BB310040B004 /* SettingsViewController.m in Sources */ = {isa = PBXBuildFile; fileRef = 7D76F4DD0E85BB310040B004 /* SettingsViewController.m */; };
		7D76F64F0E85C5B20040B004 /* mapicon.png in Resources */ = {isa = PBXBuildFile; fileRef = 7D76F64E0E85C5B20040B004 /* mapicon.png */; };
		7D7794740EE37899009F665D /* SystemConfiguration.framework in Frameworks */ = {isa = PBXBuildFile; fileRef = 7D7794730EE37899009F665D /* SystemConfiguration.framework */; };
		7D7B00630E9DC62700DDABDC /* about.html in Resources */ = {isa = PBXBuildFile; fileRef = 7D7B00620E9DC62700DDABDC /* about.html */; };
		7D7FE1E0107E6FF700F9D8C0 /* busIcon_g.png in Resources */ = {isa = PBXBuildFile; fileRef = 7D7FE1DF107E6FF700F9D8C0 /* busIcon_g.png */; };
		7D80CF180EB3A9FE00291BEF /* GTFSCity.m in Sources */ = {isa = PBXBuildFile; fileRef = 7D80CF170EB3A9FE00291BEF /* GTFSCity.m */; };
		7D80D92B0E92A0D3005DA0D5 /* CoreLocation.framework in Frameworks */ = {isa = PBXBuildFile; fileRef = 7D80D92A0E92A0D3005DA0D5 /* CoreLocation.framework */; };
		7D80D93A0E92A134005DA0D5 /* busIcon.png in Resources */ = {isa = PBXBuildFile; fileRef = 7D80D9380E92A134005DA0D5 /* busIcon.png */; };
		7D80D93B0E92A134005DA0D5 /* closest.png in Resources */ = {isa = PBXBuildFile; fileRef = 7D80D9390E92A134005DA0D5 /* closest.png */; };
		7D80D9470E92A1C1005DA0D5 /* setting.png in Resources */ = {isa = PBXBuildFile; fileRef = 7D80D9460E92A1C1005DA0D5 /* setting.png */; };
		7D80D9490E92A1F6005DA0D5 /* search.png in Resources */ = {isa = PBXBuildFile; fileRef = 7D80D9480E92A1F6005DA0D5 /* search.png */; };
		7D82FEF00EB83F5A0076F988 /* Upgrade.m in Sources */ = {isa = PBXBuildFile; fileRef = 7D82FEEF0EB83F5A0076F988 /* Upgrade.m */; };
		7D83B0E50E88234100DCB5EC /* DatePickView.xib in Resources */ = {isa = PBXBuildFile; fileRef = 7D83B0E40E88234100DCB5EC /* DatePickView.xib */; };
		7D83B0E90E88242000DCB5EC /* DatePickViewController.m in Sources */ = {isa = PBXBuildFile; fileRef = 7D83B0E80E88242000DCB5EC /* DatePickViewController.m */; };
		7D83B3E40E885F4400DCB5EC /* FavoriteViewController.m in Sources */ = {isa = PBXBuildFile; fileRef = 7D83B3E30E885F4400DCB5EC /* FavoriteViewController.m */; };
		7D86E7E70ED53576006FC259 /* TripStopsViewController.m in Sources */ = {isa = PBXBuildFile; fileRef = 7D86E7E60ED53576006FC259 /* TripStopsViewController.m */; };
		7D88EF660E91D92F00DF4ED4 /* NearbyViewController.m in Sources */ = {isa = PBXBuildFile; fileRef = 7D88EF650E91D92F00DF4ED4 /* NearbyViewController.m */; };
		7D8C9D920EE5309200D4911C /* info.png in Resources */ = {isa = PBXBuildFile; fileRef = 7D8C9D8D0EE5309200D4911C /* info.png */; };
		7D8C9D930EE5309200D4911C /* offline.png in Resources */ = {isa = PBXBuildFile; fileRef = 7D8C9D8E0EE5309200D4911C /* offline.png */; };
		7D8C9D940EE5309200D4911C /* route.png in Resources */ = {isa = PBXBuildFile; fileRef = 7D8C9D8F0EE5309200D4911C /* route.png */; };
		7D8C9D950EE5309200D4911C /* stop.png in Resources */ = {isa = PBXBuildFile; fileRef = 7D8C9D900EE5309200D4911C /* stop.png */; };
		7D8C9D960EE5309200D4911C /* update.png in Resources */ = {isa = PBXBuildFile; fileRef = 7D8C9D910EE5309200D4911C /* update.png */; };
		7D8D68740EE11A44009A5F4E /* OfflineViewController.m in Sources */ = {isa = PBXBuildFile; fileRef = 7D8D68730EE11A44009A5F4E /* OfflineViewController.m */; };
		7D8D68810EE14198009A5F4E /* MiscCells.m in Sources */ = {isa = PBXBuildFile; fileRef = 7D8D68800EE14198009A5F4E /* MiscCells.m */; };
		7D8D69F00EE1FB83009A5F4E /* OfflineQuery.m in Sources */ = {isa = PBXBuildFile; fileRef = 7D8D69EF0EE1FB83009A5F4E /* OfflineQuery.m */; };
		7D97A66C106F96750071CCAC /* libz.dylib in Frameworks */ = {isa = PBXBuildFile; fileRef = 7D97A66B106F96750071CCAC /* libz.dylib */; };
		7D9EBA9D0E8765C70004E4D4 /* RouteActionViewController.m in Sources */ = {isa = PBXBuildFile; fileRef = 7D9EBA9C0E8765C70004E4D4 /* RouteActionViewController.m */; };
		7D9EBB290E877DAA0004E4D4 /* RouteScheduleViewController.m in Sources */ = {isa = PBXBuildFile; fileRef = 7D9EBB280E877DAA0004E4D4 /* RouteScheduleViewController.m */; };
		7D9FFF1D102CAACB007D885D /* FavoriteViewController2.m in Sources */ = {isa = PBXBuildFile; fileRef = 7D9FFF1B102CAACB007D885D /* FavoriteViewController2.m */; };
		7DA113E40EF8EBEC00CEB9F4 /* wireless.png in Resources */ = {isa = PBXBuildFile; fileRef = 7DA113E30EF8EBEC00CEB9F4 /* wireless.png */; };
		7DA113EE0EF8F10100CEB9F4 /* NoNetworkView.m in Sources */ = {isa = PBXBuildFile; fileRef = 7DA113ED0EF8F10100CEB9F4 /* NoNetworkView.m */; };
		7DC4E36A0EDF030300C72123 /* StopMapViewController.m in Sources */ = {isa = PBXBuildFile; fileRef = 7DC4E3690EDF030300C72123 /* StopMapViewController.m */; };
		7DC4E36F0EDF037700C72123 /* TripMapViewController.m in Sources */ = {isa = PBXBuildFile; fileRef = 7DC4E36E0EDF037700C72123 /* TripMapViewController.m */; };
		7DC993821079BE470079759D /* MainWindow.xib in Resources */ = {isa = PBXBuildFile; fileRef = 28AD73870D9D96C1002E5188 /* MainWindow.xib */; };
		7DC993831079BE470079759D /* mapicon.png in Resources */ = {isa = PBXBuildFile; fileRef = 7D76F64E0E85C5B20040B004 /* mapicon.png */; };
		7DC993841079BE470079759D /* DatePickView.xib in Resources */ = {isa = PBXBuildFile; fileRef = 7D83B0E40E88234100DCB5EC /* DatePickView.xib */; };
		7DC993851079BE470079759D /* busIcon.png in Resources */ = {isa = PBXBuildFile; fileRef = 7D80D9380E92A134005DA0D5 /* busIcon.png */; };
		7DC993861079BE470079759D /* closest.png in Resources */ = {isa = PBXBuildFile; fileRef = 7D80D9390E92A134005DA0D5 /* closest.png */; };
		7DC993871079BE470079759D /* setting.png in Resources */ = {isa = PBXBuildFile; fileRef = 7D80D9460E92A1C1005DA0D5 /* setting.png */; };
		7DC993881079BE470079759D /* search.png in Resources */ = {isa = PBXBuildFile; fileRef = 7D80D9480E92A1F6005DA0D5 /* search.png */; };
		7DC9938A1079BE470079759D /* Default.png in Resources */ = {isa = PBXBuildFile; fileRef = 7DF6A1620E9CAE60002B9659 /* Default.png */; };
		7DC9938B1079BE470079759D /* about.html in Resources */ = {isa = PBXBuildFile; fileRef = 7D7B00620E9DC62700DDABDC /* about.html */; };
		7DC9938D1079BE470079759D /* info.png in Resources */ = {isa = PBXBuildFile; fileRef = 7D8C9D8D0EE5309200D4911C /* info.png */; };
		7DC9938E1079BE470079759D /* offline.png in Resources */ = {isa = PBXBuildFile; fileRef = 7D8C9D8E0EE5309200D4911C /* offline.png */; };
		7DC9938F1079BE470079759D /* route.png in Resources */ = {isa = PBXBuildFile; fileRef = 7D8C9D8F0EE5309200D4911C /* route.png */; };
		7DC993901079BE470079759D /* stop.png in Resources */ = {isa = PBXBuildFile; fileRef = 7D8C9D900EE5309200D4911C /* stop.png */; };
		7DC993911079BE470079759D /* update.png in Resources */ = {isa = PBXBuildFile; fileRef = 7D8C9D910EE5309200D4911C /* update.png */; };
		7DC993921079BE470079759D /* typetrainicon.png in Resources */ = {isa = PBXBuildFile; fileRef = 7D762D5F0EF19F6C00018CBA /* typetrainicon.png */; };
		7DC993931079BE470079759D /* typebusicon.png in Resources */ = {isa = PBXBuildFile; fileRef = 7D762D660EF1A47D00018CBA /* typebusicon.png */; };
		7DC993941079BE470079759D /* typeferryicon.png in Resources */ = {isa = PBXBuildFile; fileRef = 7D762D670EF1A47D00018CBA /* typeferryicon.png */; };
		7DC993951079BE470079759D /* typetramicon.png in Resources */ = {isa = PBXBuildFile; fileRef = 7D762D680EF1A47D00018CBA /* typetramicon.png */; };
		7DC993961079BE470079759D /* wireless.png in Resources */ = {isa = PBXBuildFile; fileRef = 7DA113E30EF8EBEC00CEB9F4 /* wireless.png */; };
		7DC993971079BE470079759D /* typestopicon.png in Resources */ = {isa = PBXBuildFile; fileRef = 7D6C1078102AAC81002739BE /* typestopicon.png */; };
		7DC993981079BE470079759D /* TagAddingView.xib in Resources */ = {isa = PBXBuildFile; fileRef = 7D142D74102C109800AE6927 /* TagAddingView.xib */; };
		7DC9939A1079BE470079759D /* main.m in Sources */ = {isa = PBXBuildFile; fileRef = 29B97316FDCFA39411CA2CEA /* main.m */; };
		7DC9939B1079BE470079759D /* TransitAppDelegate.m in Sources */ = {isa = PBXBuildFile; fileRef = 1D3623250D0F684500981E51 /* TransitAppDelegate.m */; };
		7DC9939C1079BE470079759D /* MapViewController.m in Sources */ = {isa = PBXBuildFile; fileRef = 7D767C020E8578E300CEFE8A /* MapViewController.m */; };
		7DC9939D1079BE470079759D /* StopsViewController.m in Sources */ = {isa = PBXBuildFile; fileRef = 7D767C040E8578E300CEFE8A /* StopsViewController.m */; };
		7DC9939E1079BE470079759D /* StopCell.m in Sources */ = {isa = PBXBuildFile; fileRef = 7D767C080E85790400CEFE8A /* StopCell.m */; };
		7DC9939F1079BE470079759D /* ArrivalCell.m in Sources */ = {isa = PBXBuildFile; fileRef = 7D767C0B0E85791100CEFE8A /* ArrivalCell.m */; };
		7DC993A01079BE470079759D /* ArrivalQuery.m in Sources */ = {isa = PBXBuildFile; fileRef = 7D767C110E857B8700CEFE8A /* ArrivalQuery.m */; };
		7DC993A11079BE470079759D /* BusArrival.m in Sources */ = {isa = PBXBuildFile; fileRef = 7D767C130E857B8700CEFE8A /* BusArrival.m */; };
		7DC993A21079BE470079759D /* BusStop.m in Sources */ = {isa = PBXBuildFile; fileRef = 7D767C150E857B8700CEFE8A /* BusStop.m */; };
		7DC993A31079BE470079759D /* StopQuery.m in Sources */ = {isa = PBXBuildFile; fileRef = 7D767C1F0E857B8700CEFE8A /* StopQuery.m */; };
		7DC993A41079BE470079759D /* TransitApp.m in Sources */ = {isa = PBXBuildFile; fileRef = 7D76F41C0E85B8C50040B004 /* TransitApp.m */; };
		7DC993A61079BE470079759D /* StopSearchViewController.m in Sources */ = {isa = PBXBuildFile; fileRef = 7D127E1C0E8636000068D300 /* StopSearchViewController.m */; };
		7DC993A71079BE470079759D /* General.c in Sources */ = {isa = PBXBuildFile; fileRef = 7D127E9F0E8649170068D300 /* General.c */; };
		7DC993A81079BE470079759D /* RouteActionViewController.m in Sources */ = {isa = PBXBuildFile; fileRef = 7D9EBA9C0E8765C70004E4D4 /* RouteActionViewController.m */; };
		7DC993A91079BE470079759D /* RouteScheduleViewController.m in Sources */ = {isa = PBXBuildFile; fileRef = 7D9EBB280E877DAA0004E4D4 /* RouteScheduleViewController.m */; };
		7DC993AA1079BE470079759D /* DatePickViewController.m in Sources */ = {isa = PBXBuildFile; fileRef = 7D83B0E80E88242000DCB5EC /* DatePickViewController.m */; };
		7DC993AB1079BE470079759D /* FavoriteViewController.m in Sources */ = {isa = PBXBuildFile; fileRef = 7D83B3E30E885F4400DCB5EC /* FavoriteViewController.m */; };
		7DC993AC1079BE470079759D /* NearbyViewController.m in Sources */ = {isa = PBXBuildFile; fileRef = 7D88EF650E91D92F00DF4ED4 /* NearbyViewController.m */; };
		7DC993AD1079BE470079759D /* CitySelectViewController.m in Sources */ = {isa = PBXBuildFile; fileRef = 7D59C9C40E94A9EC00FEA89A /* CitySelectViewController.m */; };
		7DC993AF1079BE470079759D /* GTFSCity.m in Sources */ = {isa = PBXBuildFile; fileRef = 7D80CF170EB3A9FE00291BEF /* GTFSCity.m */; };
		7DC993B01079BE470079759D /* Upgrade.m in Sources */ = {isa = PBXBuildFile; fileRef = 7D82FEEF0EB83F5A0076F988 /* Upgrade.m */; };
		7DC993B11079BE470079759D /* RouteSearchViewController.m in Sources */ = {isa = PBXBuildFile; fileRef = 7DCE89580ED3423C0087676B /* RouteSearchViewController.m */; };
		7DC993B21079BE470079759D /* BusRoute.m in Sources */ = {isa = PBXBuildFile; fileRef = 7DCE895B0ED343700087676B /* BusRoute.m */; };
		7DC993B31079BE470079759D /* RouteQuery.m in Sources */ = {isa = PBXBuildFile; fileRef = 7DCE895E0ED345A00087676B /* RouteQuery.m */; };
		7DC993B41079BE470079759D /* TripStopsViewController.m in Sources */ = {isa = PBXBuildFile; fileRef = 7D86E7E60ED53576006FC259 /* TripStopsViewController.m */; };
		7DC993B51079BE470079759D /* BusTrip.m in Sources */ = {isa = PBXBuildFile; fileRef = 7DDB1B4F0EDE55FA004945AE /* BusTrip.m */; };
		7DC993B61079BE470079759D /* RouteTripsViewController.m in Sources */ = {isa = PBXBuildFile; fileRef = 7D04BD690EDE5A9000F5A842 /* RouteTripsViewController.m */; };
		7DC993B71079BE470079759D /* TripQuery.m in Sources */ = {isa = PBXBuildFile; fileRef = 7D04BDB80EDE67A600F5A842 /* TripQuery.m */; };
		7DC993B81079BE470079759D /* PhpXmlQuery.m in Sources */ = {isa = PBXBuildFile; fileRef = 7D04BDE30EDE6ADD00F5A842 /* PhpXmlQuery.m */; };
		7DC993B91079BE470079759D /* StopMapViewController.m in Sources */ = {isa = PBXBuildFile; fileRef = 7DC4E3690EDF030300C72123 /* StopMapViewController.m */; };
		7DC993BA1079BE470079759D /* TripMapViewController.m in Sources */ = {isa = PBXBuildFile; fileRef = 7DC4E36E0EDF037700C72123 /* TripMapViewController.m */; };
		7DC993BB1079BE470079759D /* InfoViewController.m in Sources */ = {isa = PBXBuildFile; fileRef = 7D768FE00EDFDE2000FA3DFF /* InfoViewController.m */; };
		7DC993BC1079BE470079759D /* DownloadManager.m in Sources */ = {isa = PBXBuildFile; fileRef = 7D61AD100EE06FDB0023BCC4 /* DownloadManager.m */; };
		7DC993BE1079BE470079759D /* MiscCells.m in Sources */ = {isa = PBXBuildFile; fileRef = 7D8D68800EE14198009A5F4E /* MiscCells.m */; };
		7DC993BF1079BE470079759D /* OfflineQuery.m in Sources */ = {isa = PBXBuildFile; fileRef = 7D8D69EF0EE1FB83009A5F4E /* OfflineQuery.m */; };
		7DC993C01079BE470079759D /* NoNetworkView.m in Sources */ = {isa = PBXBuildFile; fileRef = 7DA113ED0EF8F10100CEB9F4 /* NoNetworkView.m */; };
		7DC993C11079BE470079759D /* AboutViewController.m in Sources */ = {isa = PBXBuildFile; fileRef = 7D036687100C4CDD00685E44 /* AboutViewController.m */; };
		7DC993C21079BE470079759D /* RouteStops.m in Sources */ = {isa = PBXBuildFile; fileRef = 7D33B2621025514A00B780CA /* RouteStops.m */; };
		7DC993C31079BE470079759D /* StopActionViewController.m in Sources */ = {isa = PBXBuildFile; fileRef = 7D6C0FC0102A9295002739BE /* StopActionViewController.m */; };
		7DC993C41079BE470079759D /* StopRouteViewHeader.m in Sources */ = {isa = PBXBuildFile; fileRef = 7D6C0FC5102A9DD1002739BE /* StopRouteViewHeader.m */; };
		7DC993C51079BE470079759D /* TagManagerViewController.m in Sources */ = {isa = PBXBuildFile; fileRef = 7D142D79102C167600AE6927 /* TagManagerViewController.m */; };
		7DC993C61079BE470079759D /* TagAddingViewController.m in Sources */ = {isa = PBXBuildFile; fileRef = 7D142D92102C268000AE6927 /* TagAddingViewController.m */; };
		7DC993C71079BE470079759D /* FavoriteViewController2.m in Sources */ = {isa = PBXBuildFile; fileRef = 7D9FFF1B102CAACB007D885D /* FavoriteViewController2.m */; };
		7DC993CA1079BE470079759D /* Foundation.framework in Frameworks */ = {isa = PBXBuildFile; fileRef = 1D30AB110D05D00D00671497 /* Foundation.framework */; };
		7DC993CB1079BE470079759D /* UIKit.framework in Frameworks */ = {isa = PBXBuildFile; fileRef = 1DF5F4DF0D08C38300B7A737 /* UIKit.framework */; };
		7DC993CC1079BE470079759D /* CoreGraphics.framework in Frameworks */ = {isa = PBXBuildFile; fileRef = 7D76F46D0E85BAED0040B004 /* CoreGraphics.framework */; };
		7DC993CD1079BE470079759D /* libsqlite3.0.dylib in Frameworks */ = {isa = PBXBuildFile; fileRef = 7D127E930E8648E20068D300 /* libsqlite3.0.dylib */; };
		7DC993CE1079BE470079759D /* CoreLocation.framework in Frameworks */ = {isa = PBXBuildFile; fileRef = 7D80D92A0E92A0D3005DA0D5 /* CoreLocation.framework */; };
		7DC993CF1079BE470079759D /* SystemConfiguration.framework in Frameworks */ = {isa = PBXBuildFile; fileRef = 7D7794730EE37899009F665D /* SystemConfiguration.framework */; };
		7DC993D01079BE470079759D /* libz.dylib in Frameworks */ = {isa = PBXBuildFile; fileRef = 7D97A66B106F96750071CCAC /* libz.dylib */; };
		7DC994E51079C3910079759D /* iBusVan-Info.plist in Resources */ = {isa = PBXBuildFile; fileRef = 7DC994E41079C3910079759D /* iBusVan-Info.plist */; };
		7DC994FE1079C8F60079759D /* vancouver.sqlite in Resources */ = {isa = PBXBuildFile; fileRef = 7DC994FD1079C8F60079759D /* vancouver.sqlite */; };
		7DC9951D1079CB4D0079759D /* local.lst in Resources */ = {isa = PBXBuildFile; fileRef = 7DC994FB1079C42F0079759D /* local.lst */; };
		7DC9951E1079CB4D0079759D /* gtfs_info.vancouver in Resources */ = {isa = PBXBuildFile; fileRef = 7DC994FA1079C42F0079759D /* gtfs_info.vancouver */; };
		7DCE89590ED3423C0087676B /* RouteSearchViewController.m in Sources */ = {isa = PBXBuildFile; fileRef = 7DCE89580ED3423C0087676B /* RouteSearchViewController.m */; };
		7DCE895C0ED343700087676B /* BusRoute.m in Sources */ = {isa = PBXBuildFile; fileRef = 7DCE895B0ED343700087676B /* BusRoute.m */; };
		7DCE895F0ED345A00087676B /* RouteQuery.m in Sources */ = {isa = PBXBuildFile; fileRef = 7DCE895E0ED345A00087676B /* RouteQuery.m */; };
		7DDB1B500EDE55FA004945AE /* BusTrip.m in Sources */ = {isa = PBXBuildFile; fileRef = 7DDB1B4F0EDE55FA004945AE /* BusTrip.m */; };
		7DF6A1630E9CAE60002B9659 /* Default.png in Resources */ = {isa = PBXBuildFile; fileRef = 7DF6A1620E9CAE60002B9659 /* Default.png */; };
/* End PBXBuildFile section */

/* Begin PBXFileReference section */
		1D30AB110D05D00D00671497 /* Foundation.framework */ = {isa = PBXFileReference; lastKnownFileType = wrapper.framework; name = Foundation.framework; path = System/Library/Frameworks/Foundation.framework; sourceTree = SDKROOT; };
		1D3623240D0F684500981E51 /* TransitAppDelegate.h */ = {isa = PBXFileReference; fileEncoding = 4; lastKnownFileType = sourcecode.c.h; path = TransitAppDelegate.h; sourceTree = "<group>"; };
		1D3623250D0F684500981E51 /* TransitAppDelegate.m */ = {isa = PBXFileReference; fileEncoding = 4; lastKnownFileType = sourcecode.c.objc; path = TransitAppDelegate.m; sourceTree = "<group>"; };
		1D6058910D05DD3D006BFB54 /* UniBus.app */ = {isa = PBXFileReference; explicitFileType = wrapper.application; includeInIndex = 0; path = UniBus.app; sourceTree = BUILT_PRODUCTS_DIR; };
		1DF5F4DF0D08C38300B7A737 /* UIKit.framework */ = {isa = PBXFileReference; lastKnownFileType = wrapper.framework; name = UIKit.framework; path = System/Library/Frameworks/UIKit.framework; sourceTree = SDKROOT; };
		28A0AB4B0D9B1048005BE974 /* iBus_Fixed_Prefix.pch */ = {isa = PBXFileReference; fileEncoding = 4; lastKnownFileType = sourcecode.c.h; path = iBus_Fixed_Prefix.pch; sourceTree = "<group>"; };
		28AD73870D9D96C1002E5188 /* MainWindow.xib */ = {isa = PBXFileReference; lastKnownFileType = file.xib; path = MainWindow.xib; sourceTree = "<group>"; };
		29B97316FDCFA39411CA2CEA /* main.m */ = {isa = PBXFileReference; fileEncoding = 4; lastKnownFileType = sourcecode.c.objc; path = main.m; sourceTree = "<group>"; };
		7D036686100C4CDD00685E44 /* AboutViewController.h */ = {isa = PBXFileReference; fileEncoding = 4; lastKnownFileType = sourcecode.c.h; path = AboutViewController.h; sourceTree = "<group>"; };
		7D036687100C4CDD00685E44 /* AboutViewController.m */ = {isa = PBXFileReference; fileEncoding = 4; lastKnownFileType = sourcecode.c.objc; path = AboutViewController.m; sourceTree = "<group>"; };
		7D04BD680EDE5A9000F5A842 /* RouteTripsViewController.h */ = {isa = PBXFileReference; fileEncoding = 4; lastKnownFileType = sourcecode.c.h; path = RouteTripsViewController.h; sourceTree = "<group>"; };
		7D04BD690EDE5A9000F5A842 /* RouteTripsViewController.m */ = {isa = PBXFileReference; fileEncoding = 4; lastKnownFileType = sourcecode.c.objc; path = RouteTripsViewController.m; sourceTree = "<group>"; };
		7D04BDB70EDE67A600F5A842 /* TripQuery.h */ = {isa = PBXFileReference; fileEncoding = 4; lastKnownFileType = sourcecode.c.h; path = TripQuery.h; sourceTree = "<group>"; };
		7D04BDB80EDE67A600F5A842 /* TripQuery.m */ = {isa = PBXFileReference; fileEncoding = 4; lastKnownFileType = sourcecode.c.objc; path = TripQuery.m; sourceTree = "<group>"; };
		7D04BDE20EDE6ADD00F5A842 /* PhpXmlQuery.h */ = {isa = PBXFileReference; fileEncoding = 4; lastKnownFileType = sourcecode.c.h; path = PhpXmlQuery.h; sourceTree = "<group>"; };
		7D04BDE30EDE6ADD00F5A842 /* PhpXmlQuery.m */ = {isa = PBXFileReference; fileEncoding = 4; lastKnownFileType = sourcecode.c.objc; path = PhpXmlQuery.m; sourceTree = "<group>"; };
		7D127E1B0E8636000068D300 /* StopSearchViewController.h */ = {isa = PBXFileReference; fileEncoding = 4; lastKnownFileType = sourcecode.c.h; path = StopSearchViewController.h; sourceTree = "<group>"; };
		7D127E1C0E8636000068D300 /* StopSearchViewController.m */ = {isa = PBXFileReference; fileEncoding = 4; lastKnownFileType = sourcecode.c.objc; path = StopSearchViewController.m; sourceTree = "<group>"; };
		7D127E930E8648E20068D300 /* libsqlite3.0.dylib */ = {isa = PBXFileReference; lastKnownFileType = "compiled.mach-o.dylib"; name = libsqlite3.0.dylib; path = usr/lib/libsqlite3.0.dylib; sourceTree = SDKROOT; };
		7D127E9F0E8649170068D300 /* General.c */ = {isa = PBXFileReference; fileEncoding = 4; lastKnownFileType = sourcecode.c.c; path = General.c; sourceTree = "<group>"; };
		7D127EA00E8649170068D300 /* General.h */ = {isa = PBXFileReference; fileEncoding = 4; lastKnownFileType = sourcecode.c.h; path = General.h; sourceTree = "<group>"; };
		7D142D74102C109800AE6927 /* TagAddingView.xib */ = {isa = PBXFileReference; lastKnownFileType = file.xib; path = TagAddingView.xib; sourceTree = "<group>"; };
		7D142D78102C167600AE6927 /* TagManagerViewController.h */ = {isa = PBXFileReference; fileEncoding = 4; lastKnownFileType = sourcecode.c.h; path = TagManagerViewController.h; sourceTree = "<group>"; };
		7D142D79102C167600AE6927 /* TagManagerViewController.m */ = {isa = PBXFileReference; fileEncoding = 4; lastKnownFileType = sourcecode.c.objc; path = TagManagerViewController.m; sourceTree = "<group>"; };
		7D142D91102C268000AE6927 /* TagAddingViewController.h */ = {isa = PBXFileReference; fileEncoding = 4; lastKnownFileType = sourcecode.c.h; path = TagAddingViewController.h; sourceTree = "<group>"; };
		7D142D92102C268000AE6927 /* TagAddingViewController.m */ = {isa = PBXFileReference; fileEncoding = 4; lastKnownFileType = sourcecode.c.objc; path = TagAddingViewController.m; sourceTree = "<group>"; };
		7D2B8BEC0EF3B2EA00818326 /* Memorandum.docx */ = {isa = PBXFileReference; lastKnownFileType = file; path = Memorandum.docx; sourceTree = "<group>"; };
		7D2B8BED0EF3B2EA00818326 /* Release Checklist.docx */ = {isa = PBXFileReference; lastKnownFileType = file; path = "Release Checklist.docx"; sourceTree = "<group>"; };
		7D2B8BEE0EF3B2EA00818326 /* Test Checklist.docx */ = {isa = PBXFileReference; lastKnownFileType = file; path = "Test Checklist.docx"; sourceTree = "<group>"; };
		7D2B8BF00EF3B2EA00818326 /* To_Do_List.docx */ = {isa = PBXFileReference; lastKnownFileType = file; path = To_Do_List.docx; sourceTree = "<group>"; };
		7D2F88AB0EAF12E0008FCA45 /* CityUpdateViewController.h */ = {isa = PBXFileReference; fileEncoding = 4; lastKnownFileType = sourcecode.c.h; path = CityUpdateViewController.h; sourceTree = "<group>"; };
		7D2F88AC0EAF12E0008FCA45 /* CityUpdateViewController.m */ = {isa = PBXFileReference; fileEncoding = 4; lastKnownFileType = sourcecode.c.objc; path = CityUpdateViewController.m; sourceTree = "<group>"; };
		7D33B2611025514A00B780CA /* RouteStops.h */ = {isa = PBXFileReference; fileEncoding = 4; lastKnownFileType = sourcecode.c.h; path = RouteStops.h; sourceTree = "<group>"; };
		7D33B2621025514A00B780CA /* RouteStops.m */ = {isa = PBXFileReference; fileEncoding = 4; lastKnownFileType = sourcecode.c.objc; path = RouteStops.m; sourceTree = "<group>"; };
		7D465FAA107C5D1F005B6233 /* SettingsViewController2.m */ = {isa = PBXFileReference; fileEncoding = 4; lastKnownFileType = sourcecode.c.objc; path = SettingsViewController2.m; sourceTree = "<group>"; };
		7D465FC1107C5E61005B6233 /* CityUpdateViewController2.m */ = {isa = PBXFileReference; fileEncoding = 4; lastKnownFileType = sourcecode.c.objc; path = CityUpdateViewController2.m; sourceTree = "<group>"; };
		7D47AA82107FB89400A83D15 /* busIcon_m.png */ = {isa = PBXFileReference; lastKnownFileType = image.png; path = busIcon_m.png; sourceTree = "<group>"; };
		7D47AAC5107FC63500A83D15 /* aboutvan.html */ = {isa = PBXFileReference; fileEncoding = 4; lastKnownFileType = text.html; path = aboutvan.html; sourceTree = "<group>"; };
		7D47AC6F1080824C00A83D15 /* dist.plist */ = {isa = PBXFileReference; fileEncoding = 4; lastKnownFileType = text.plist.xml; path = dist.plist; sourceTree = "<group>"; };
		7D59C9C30E94A9EC00FEA89A /* CitySelectViewController.h */ = {isa = PBXFileReference; fileEncoding = 4; lastKnownFileType = sourcecode.c.h; path = CitySelectViewController.h; sourceTree = "<group>"; };
		7D59C9C40E94A9EC00FEA89A /* CitySelectViewController.m */ = {isa = PBXFileReference; fileEncoding = 4; lastKnownFileType = sourcecode.c.objc; path = CitySelectViewController.m; sourceTree = "<group>"; };
		7D61AD0F0EE06FDB0023BCC4 /* DownloadManager.h */ = {isa = PBXFileReference; fileEncoding = 4; lastKnownFileType = sourcecode.c.h; path = DownloadManager.h; sourceTree = "<group>"; };
		7D61AD100EE06FDB0023BCC4 /* DownloadManager.m */ = {isa = PBXFileReference; fileEncoding = 4; lastKnownFileType = sourcecode.c.objc; path = DownloadManager.m; sourceTree = "<group>"; };
		7D6C0FBF102A9295002739BE /* StopActionViewController.h */ = {isa = PBXFileReference; fileEncoding = 4; lastKnownFileType = sourcecode.c.h; path = StopActionViewController.h; sourceTree = "<group>"; };
		7D6C0FC0102A9295002739BE /* StopActionViewController.m */ = {isa = PBXFileReference; fileEncoding = 4; lastKnownFileType = sourcecode.c.objc; path = StopActionViewController.m; sourceTree = "<group>"; };
		7D6C0FC4102A9DD1002739BE /* StopRouteViewHeader.h */ = {isa = PBXFileReference; fileEncoding = 4; lastKnownFileType = sourcecode.c.h; path = StopRouteViewHeader.h; sourceTree = "<group>"; };
		7D6C0FC5102A9DD1002739BE /* StopRouteViewHeader.m */ = {isa = PBXFileReference; fileEncoding = 4; lastKnownFileType = sourcecode.c.objc; path = StopRouteViewHeader.m; sourceTree = "<group>"; };
		7D6C1078102AAC81002739BE /* typestopicon.png */ = {isa = PBXFileReference; lastKnownFileType = image.png; path = typestopicon.png; sourceTree = "<group>"; };
		7D762D5F0EF19F6C00018CBA /* typetrainicon.png */ = {isa = PBXFileReference; lastKnownFileType = image.png; path = typetrainicon.png; sourceTree = "<group>"; };
		7D762D660EF1A47D00018CBA /* typebusicon.png */ = {isa = PBXFileReference; lastKnownFileType = image.png; path = typebusicon.png; sourceTree = "<group>"; };
		7D762D670EF1A47D00018CBA /* typeferryicon.png */ = {isa = PBXFileReference; lastKnownFileType = image.png; path = typeferryicon.png; sourceTree = "<group>"; };
		7D762D680EF1A47D00018CBA /* typetramicon.png */ = {isa = PBXFileReference; lastKnownFileType = image.png; path = typetramicon.png; sourceTree = "<group>"; };
		7D767C010E8578E300CEFE8A /* MapViewController.h */ = {isa = PBXFileReference; fileEncoding = 4; lastKnownFileType = sourcecode.c.h; path = MapViewController.h; sourceTree = "<group>"; };
		7D767C020E8578E300CEFE8A /* MapViewController.m */ = {isa = PBXFileReference; fileEncoding = 4; lastKnownFileType = sourcecode.c.objc; path = MapViewController.m; sourceTree = "<group>"; };
		7D767C030E8578E300CEFE8A /* StopsViewController.h */ = {isa = PBXFileReference; fileEncoding = 4; lastKnownFileType = sourcecode.c.h; path = StopsViewController.h; sourceTree = "<group>"; };
		7D767C040E8578E300CEFE8A /* StopsViewController.m */ = {isa = PBXFileReference; fileEncoding = 4; lastKnownFileType = sourcecode.c.objc; path = StopsViewController.m; sourceTree = "<group>"; };
		7D767C070E85790400CEFE8A /* StopCell.h */ = {isa = PBXFileReference; fileEncoding = 4; lastKnownFileType = sourcecode.c.h; path = StopCell.h; sourceTree = "<group>"; };
		7D767C080E85790400CEFE8A /* StopCell.m */ = {isa = PBXFileReference; fileEncoding = 4; lastKnownFileType = sourcecode.c.objc; path = StopCell.m; sourceTree = "<group>"; };
		7D767C0A0E85791100CEFE8A /* ArrivalCell.h */ = {isa = PBXFileReference; fileEncoding = 4; lastKnownFileType = sourcecode.c.h; path = ArrivalCell.h; sourceTree = "<group>"; };
		7D767C0B0E85791100CEFE8A /* ArrivalCell.m */ = {isa = PBXFileReference; fileEncoding = 4; lastKnownFileType = sourcecode.c.objc; path = ArrivalCell.m; sourceTree = "<group>"; };
		7D767C100E857B8700CEFE8A /* ArrivalQuery.h */ = {isa = PBXFileReference; fileEncoding = 4; lastKnownFileType = sourcecode.c.h; path = ArrivalQuery.h; sourceTree = "<group>"; };
		7D767C110E857B8700CEFE8A /* ArrivalQuery.m */ = {isa = PBXFileReference; fileEncoding = 4; lastKnownFileType = sourcecode.c.objc; path = ArrivalQuery.m; sourceTree = "<group>"; };
		7D767C120E857B8700CEFE8A /* BusArrival.h */ = {isa = PBXFileReference; fileEncoding = 4; lastKnownFileType = sourcecode.c.h; path = BusArrival.h; sourceTree = "<group>"; };
		7D767C130E857B8700CEFE8A /* BusArrival.m */ = {isa = PBXFileReference; fileEncoding = 4; lastKnownFileType = sourcecode.c.objc; path = BusArrival.m; sourceTree = "<group>"; };
		7D767C140E857B8700CEFE8A /* BusStop.h */ = {isa = PBXFileReference; fileEncoding = 4; lastKnownFileType = sourcecode.c.h; path = BusStop.h; sourceTree = "<group>"; };
		7D767C150E857B8700CEFE8A /* BusStop.m */ = {isa = PBXFileReference; fileEncoding = 4; lastKnownFileType = sourcecode.c.objc; path = BusStop.m; sourceTree = "<group>"; };
		7D767C1E0E857B8700CEFE8A /* StopQuery.h */ = {isa = PBXFileReference; fileEncoding = 4; lastKnownFileType = sourcecode.c.h; path = StopQuery.h; sourceTree = "<group>"; };
		7D767C1F0E857B8700CEFE8A /* StopQuery.m */ = {isa = PBXFileReference; fileEncoding = 4; lastKnownFileType = sourcecode.c.objc; path = StopQuery.m; sourceTree = "<group>"; };
		7D768FDF0EDFDE2000FA3DFF /* InfoViewController.h */ = {isa = PBXFileReference; fileEncoding = 4; lastKnownFileType = sourcecode.c.h; path = InfoViewController.h; sourceTree = "<group>"; };
		7D768FE00EDFDE2000FA3DFF /* InfoViewController.m */ = {isa = PBXFileReference; fileEncoding = 4; lastKnownFileType = sourcecode.c.objc; path = InfoViewController.m; sourceTree = "<group>"; };
		7D76F41B0E85B8C50040B004 /* TransitApp.h */ = {isa = PBXFileReference; fileEncoding = 4; lastKnownFileType = sourcecode.c.h; path = TransitApp.h; sourceTree = "<group>"; };
		7D76F41C0E85B8C50040B004 /* TransitApp.m */ = {isa = PBXFileReference; fileEncoding = 4; lastKnownFileType = sourcecode.c.objc; path = TransitApp.m; sourceTree = "<group>"; };
		7D76F46D0E85BAED0040B004 /* CoreGraphics.framework */ = {isa = PBXFileReference; lastKnownFileType = wrapper.framework; name = CoreGraphics.framework; path = System/Library/Frameworks/CoreGraphics.framework; sourceTree = SDKROOT; };
		7D76F4DC0E85BB310040B004 /* SettingsViewController.h */ = {isa = PBXFileReference; fileEncoding = 4; lastKnownFileType = sourcecode.c.h; path = SettingsViewController.h; sourceTree = "<group>"; };
		7D76F4DD0E85BB310040B004 /* SettingsViewController.m */ = {isa = PBXFileReference; fileEncoding = 4; lastKnownFileType = sourcecode.c.objc; path = SettingsViewController.m; sourceTree = "<group>"; };
		7D76F64E0E85C5B20040B004 /* mapicon.png */ = {isa = PBXFileReference; lastKnownFileType = image.png; path = mapicon.png; sourceTree = "<group>"; };
		7D7794730EE37899009F665D /* SystemConfiguration.framework */ = {isa = PBXFileReference; lastKnownFileType = wrapper.framework; name = SystemConfiguration.framework; path = System/Library/Frameworks/SystemConfiguration.framework; sourceTree = SDKROOT; };
		7D7B00620E9DC62700DDABDC /* about.html */ = {isa = PBXFileReference; fileEncoding = 4; lastKnownFileType = text.html; path = about.html; sourceTree = "<group>"; };
		7D7FE1DF107E6FF700F9D8C0 /* busIcon_g.png */ = {isa = PBXFileReference; lastKnownFileType = image.png; path = busIcon_g.png; sourceTree = "<group>"; };
		7D80CF160EB3A9FE00291BEF /* GTFSCity.h */ = {isa = PBXFileReference; fileEncoding = 4; lastKnownFileType = sourcecode.c.h; path = GTFSCity.h; sourceTree = "<group>"; };
		7D80CF170EB3A9FE00291BEF /* GTFSCity.m */ = {isa = PBXFileReference; fileEncoding = 4; lastKnownFileType = sourcecode.c.objc; path = GTFSCity.m; sourceTree = "<group>"; };
		7D80D92A0E92A0D3005DA0D5 /* CoreLocation.framework */ = {isa = PBXFileReference; lastKnownFileType = wrapper.framework; name = CoreLocation.framework; path = System/Library/Frameworks/CoreLocation.framework; sourceTree = SDKROOT; };
		7D80D9380E92A134005DA0D5 /* busIcon.png */ = {isa = PBXFileReference; lastKnownFileType = image.png; path = busIcon.png; sourceTree = "<group>"; };
		7D80D9390E92A134005DA0D5 /* closest.png */ = {isa = PBXFileReference; lastKnownFileType = image.png; path = closest.png; sourceTree = "<group>"; };
		7D80D9460E92A1C1005DA0D5 /* setting.png */ = {isa = PBXFileReference; lastKnownFileType = image.png; path = setting.png; sourceTree = "<group>"; };
		7D80D9480E92A1F6005DA0D5 /* search.png */ = {isa = PBXFileReference; lastKnownFileType = image.png; path = search.png; sourceTree = "<group>"; };
		7D82FEEE0EB83F5A0076F988 /* Upgrade.h */ = {isa = PBXFileReference; fileEncoding = 4; lastKnownFileType = sourcecode.c.h; path = Upgrade.h; sourceTree = "<group>"; };
		7D82FEEF0EB83F5A0076F988 /* Upgrade.m */ = {isa = PBXFileReference; fileEncoding = 4; lastKnownFileType = sourcecode.c.objc; path = Upgrade.m; sourceTree = "<group>"; };
		7D83B0E40E88234100DCB5EC /* DatePickView.xib */ = {isa = PBXFileReference; lastKnownFileType = file.xib; path = DatePickView.xib; sourceTree = "<group>"; };
		7D83B0E70E88242000DCB5EC /* DatePickViewController.h */ = {isa = PBXFileReference; fileEncoding = 4; lastKnownFileType = sourcecode.c.h; path = DatePickViewController.h; sourceTree = "<group>"; };
		7D83B0E80E88242000DCB5EC /* DatePickViewController.m */ = {isa = PBXFileReference; fileEncoding = 4; lastKnownFileType = sourcecode.c.objc; path = DatePickViewController.m; sourceTree = "<group>"; };
		7D83B3E20E885F4400DCB5EC /* FavoriteViewController.h */ = {isa = PBXFileReference; fileEncoding = 4; lastKnownFileType = sourcecode.c.h; path = FavoriteViewController.h; sourceTree = "<group>"; };
		7D83B3E30E885F4400DCB5EC /* FavoriteViewController.m */ = {isa = PBXFileReference; fileEncoding = 4; lastKnownFileType = sourcecode.c.objc; path = FavoriteViewController.m; sourceTree = "<group>"; };
		7D86E7E50ED53576006FC259 /* TripStopsViewController.h */ = {isa = PBXFileReference; fileEncoding = 4; lastKnownFileType = sourcecode.c.h; path = TripStopsViewController.h; sourceTree = "<group>"; };
		7D86E7E60ED53576006FC259 /* TripStopsViewController.m */ = {isa = PBXFileReference; fileEncoding = 4; lastKnownFileType = sourcecode.c.objc; path = TripStopsViewController.m; sourceTree = "<group>"; };
		7D88EF640E91D92F00DF4ED4 /* NearbyViewController.h */ = {isa = PBXFileReference; fileEncoding = 4; lastKnownFileType = sourcecode.c.h; path = NearbyViewController.h; sourceTree = "<group>"; };
		7D88EF650E91D92F00DF4ED4 /* NearbyViewController.m */ = {isa = PBXFileReference; fileEncoding = 4; lastKnownFileType = sourcecode.c.objc; path = NearbyViewController.m; sourceTree = "<group>"; };
		7D8C9D8D0EE5309200D4911C /* info.png */ = {isa = PBXFileReference; lastKnownFileType = image.png; path = info.png; sourceTree = "<group>"; };
		7D8C9D8E0EE5309200D4911C /* offline.png */ = {isa = PBXFileReference; lastKnownFileType = image.png; path = offline.png; sourceTree = "<group>"; };
		7D8C9D8F0EE5309200D4911C /* route.png */ = {isa = PBXFileReference; lastKnownFileType = image.png; path = route.png; sourceTree = "<group>"; };
		7D8C9D900EE5309200D4911C /* stop.png */ = {isa = PBXFileReference; lastKnownFileType = image.png; path = stop.png; sourceTree = "<group>"; };
		7D8C9D910EE5309200D4911C /* update.png */ = {isa = PBXFileReference; lastKnownFileType = image.png; path = update.png; sourceTree = "<group>"; };
		7D8D68720EE11A44009A5F4E /* OfflineViewController.h */ = {isa = PBXFileReference; fileEncoding = 4; lastKnownFileType = sourcecode.c.h; path = OfflineViewController.h; sourceTree = "<group>"; };
		7D8D68730EE11A44009A5F4E /* OfflineViewController.m */ = {isa = PBXFileReference; fileEncoding = 4; lastKnownFileType = sourcecode.c.objc; path = OfflineViewController.m; sourceTree = "<group>"; };
		7D8D687F0EE14198009A5F4E /* MiscCells.h */ = {isa = PBXFileReference; fileEncoding = 4; lastKnownFileType = sourcecode.c.h; path = MiscCells.h; sourceTree = "<group>"; };
		7D8D68800EE14198009A5F4E /* MiscCells.m */ = {isa = PBXFileReference; fileEncoding = 4; lastKnownFileType = sourcecode.c.objc; path = MiscCells.m; sourceTree = "<group>"; };
		7D8D69EE0EE1FB83009A5F4E /* OfflineQuery.h */ = {isa = PBXFileReference; fileEncoding = 4; lastKnownFileType = sourcecode.c.h; path = OfflineQuery.h; sourceTree = "<group>"; };
		7D8D69EF0EE1FB83009A5F4E /* OfflineQuery.m */ = {isa = PBXFileReference; fileEncoding = 4; lastKnownFileType = sourcecode.c.objc; path = OfflineQuery.m; sourceTree = "<group>"; };
		7D97A66B106F96750071CCAC /* libz.dylib */ = {isa = PBXFileReference; lastKnownFileType = "compiled.mach-o.dylib"; name = libz.dylib; path = usr/lib/libz.dylib; sourceTree = SDKROOT; };
		7D9EBA9B0E8765C70004E4D4 /* RouteActionViewController.h */ = {isa = PBXFileReference; fileEncoding = 4; lastKnownFileType = sourcecode.c.h; path = RouteActionViewController.h; sourceTree = "<group>"; };
		7D9EBA9C0E8765C70004E4D4 /* RouteActionViewController.m */ = {isa = PBXFileReference; fileEncoding = 4; lastKnownFileType = sourcecode.c.objc; path = RouteActionViewController.m; sourceTree = "<group>"; };
		7D9EBB270E877DAA0004E4D4 /* RouteScheduleViewController.h */ = {isa = PBXFileReference; fileEncoding = 4; lastKnownFileType = sourcecode.c.h; path = RouteScheduleViewController.h; sourceTree = "<group>"; };
		7D9EBB280E877DAA0004E4D4 /* RouteScheduleViewController.m */ = {isa = PBXFileReference; fileEncoding = 4; lastKnownFileType = sourcecode.c.objc; path = RouteScheduleViewController.m; sourceTree = "<group>"; };
		7D9FFF1B102CAACB007D885D /* FavoriteViewController2.m */ = {isa = PBXFileReference; fileEncoding = 4; lastKnownFileType = sourcecode.c.objc; path = FavoriteViewController2.m; sourceTree = "<group>"; };
		7D9FFF1C102CAACB007D885D /* FavoriteViewController2.h */ = {isa = PBXFileReference; fileEncoding = 4; lastKnownFileType = sourcecode.c.h; path = FavoriteViewController2.h; sourceTree = "<group>"; };
		7DA113E30EF8EBEC00CEB9F4 /* wireless.png */ = {isa = PBXFileReference; lastKnownFileType = image.png; path = wireless.png; sourceTree = "<group>"; };
		7DA113EC0EF8F10100CEB9F4 /* NoNetworkView.h */ = {isa = PBXFileReference; fileEncoding = 4; lastKnownFileType = sourcecode.c.h; path = NoNetworkView.h; sourceTree = "<group>"; };
		7DA113ED0EF8F10100CEB9F4 /* NoNetworkView.m */ = {isa = PBXFileReference; fileEncoding = 4; lastKnownFileType = sourcecode.c.objc; path = NoNetworkView.m; sourceTree = "<group>"; };
		7DC4E3680EDF030300C72123 /* StopMapViewController.h */ = {isa = PBXFileReference; fileEncoding = 4; lastKnownFileType = sourcecode.c.h; path = StopMapViewController.h; sourceTree = "<group>"; };
		7DC4E3690EDF030300C72123 /* StopMapViewController.m */ = {isa = PBXFileReference; fileEncoding = 4; lastKnownFileType = sourcecode.c.objc; path = StopMapViewController.m; sourceTree = "<group>"; };
		7DC4E36D0EDF037700C72123 /* TripMapViewController.h */ = {isa = PBXFileReference; fileEncoding = 4; lastKnownFileType = sourcecode.c.h; path = TripMapViewController.h; sourceTree = "<group>"; };
		7DC4E36E0EDF037700C72123 /* TripMapViewController.m */ = {isa = PBXFileReference; fileEncoding = 4; lastKnownFileType = sourcecode.c.objc; path = TripMapViewController.m; sourceTree = "<group>"; };
		7DC993D51079BE470079759D /* iBusVan.app */ = {isa = PBXFileReference; explicitFileType = wrapper.application; includeInIndex = 0; path = iBusVan.app; sourceTree = BUILT_PRODUCTS_DIR; };
		7DC994E41079C3910079759D /* iBusVan-Info.plist */ = {isa = PBXFileReference; fileEncoding = 4; lastKnownFileType = text.plist.xml; path = "iBusVan-Info.plist"; sourceTree = "<group>"; };
		7DC994F41079C42F0079759D /* gtfs_info.sqlite */ = {isa = PBXFileReference; lastKnownFileType = file; path = gtfs_info.sqlite; sourceTree = "<group>"; };
		7DC994F51079C42F0079759D /* import_gtfs_info.py */ = {isa = PBXFileReference; fileEncoding = 4; lastKnownFileType = text.script.python; path = import_gtfs_info.py; sourceTree = "<group>"; };
		7DC994F71079C42F0079759D /* supportedcities.lst */ = {isa = PBXFileReference; fileEncoding = 4; lastKnownFileType = text; path = supportedcities.lst; sourceTree = "<group>"; };
		7DC994F91079C42F0079759D /* create_gtfs_info.py */ = {isa = PBXFileReference; fileEncoding = 4; lastKnownFileType = text.script.python; path = create_gtfs_info.py; sourceTree = "<group>"; };
		7DC994FA1079C42F0079759D /* gtfs_info.vancouver */ = {isa = PBXFileReference; lastKnownFileType = file; path = gtfs_info.vancouver; sourceTree = "<group>"; };
		7DC994FB1079C42F0079759D /* local.lst */ = {isa = PBXFileReference; fileEncoding = 4; lastKnownFileType = text; path = local.lst; sourceTree = "<group>"; };
		7DC994FD1079C8F60079759D /* vancouver.sqlite */ = {isa = PBXFileReference; lastKnownFileType = file; path = vancouver.sqlite; sourceTree = "<group>"; };
		7DCE89570ED3423C0087676B /* RouteSearchViewController.h */ = {isa = PBXFileReference; fileEncoding = 4; lastKnownFileType = sourcecode.c.h; path = RouteSearchViewController.h; sourceTree = "<group>"; };
		7DCE89580ED3423C0087676B /* RouteSearchViewController.m */ = {isa = PBXFileReference; fileEncoding = 4; lastKnownFileType = sourcecode.c.objc; path = RouteSearchViewController.m; sourceTree = "<group>"; };
		7DCE895A0ED343700087676B /* BusRoute.h */ = {isa = PBXFileReference; fileEncoding = 4; lastKnownFileType = sourcecode.c.h; path = BusRoute.h; sourceTree = "<group>"; };
		7DCE895B0ED343700087676B /* BusRoute.m */ = {isa = PBXFileReference; fileEncoding = 4; lastKnownFileType = sourcecode.c.objc; path = BusRoute.m; sourceTree = "<group>"; };
		7DCE895D0ED345A00087676B /* RouteQuery.h */ = {isa = PBXFileReference; fileEncoding = 4; lastKnownFileType = sourcecode.c.h; path = RouteQuery.h; sourceTree = "<group>"; };
		7DCE895E0ED345A00087676B /* RouteQuery.m */ = {isa = PBXFileReference; fileEncoding = 4; lastKnownFileType = sourcecode.c.objc; path = RouteQuery.m; sourceTree = "<group>"; };
		7DDB1B4E0EDE55FA004945AE /* BusTrip.h */ = {isa = PBXFileReference; fileEncoding = 4; lastKnownFileType = sourcecode.c.h; path = BusTrip.h; sourceTree = "<group>"; };
		7DDB1B4F0EDE55FA004945AE /* BusTrip.m */ = {isa = PBXFileReference; fileEncoding = 4; lastKnownFileType = sourcecode.c.objc; path = BusTrip.m; sourceTree = "<group>"; };
		7DF6A1620E9CAE60002B9659 /* Default.png */ = {isa = PBXFileReference; lastKnownFileType = image.png; path = Default.png; sourceTree = "<group>"; };
		8D1107310486CEB800E47090 /* Info.plist */ = {isa = PBXFileReference; fileEncoding = 4; lastKnownFileType = text.plist.xml; path = Info.plist; sourceTree = "<group>"; };
/* End PBXFileReference section */

/* Begin PBXFrameworksBuildPhase section */
		1D60588F0D05DD3D006BFB54 /* Frameworks */ = {
			isa = PBXFrameworksBuildPhase;
			buildActionMask = 2147483647;
			files = (
				1D60589F0D05DD5A006BFB54 /* Foundation.framework in Frameworks */,
				1DF5F4E00D08C38300B7A737 /* UIKit.framework in Frameworks */,
				7D76F46E0E85BAED0040B004 /* CoreGraphics.framework in Frameworks */,
				7D127E940E8648E20068D300 /* libsqlite3.0.dylib in Frameworks */,
				7D80D92B0E92A0D3005DA0D5 /* CoreLocation.framework in Frameworks */,
				7D7794740EE37899009F665D /* SystemConfiguration.framework in Frameworks */,
				7D97A66C106F96750071CCAC /* libz.dylib in Frameworks */,
			);
			runOnlyForDeploymentPostprocessing = 0;
		};
		7DC993C91079BE470079759D /* Frameworks */ = {
			isa = PBXFrameworksBuildPhase;
			buildActionMask = 2147483647;
			files = (
				7DC993CA1079BE470079759D /* Foundation.framework in Frameworks */,
				7DC993CB1079BE470079759D /* UIKit.framework in Frameworks */,
				7DC993CC1079BE470079759D /* CoreGraphics.framework in Frameworks */,
				7DC993CD1079BE470079759D /* libsqlite3.0.dylib in Frameworks */,
				7DC993CE1079BE470079759D /* CoreLocation.framework in Frameworks */,
				7DC993CF1079BE470079759D /* SystemConfiguration.framework in Frameworks */,
				7DC993D01079BE470079759D /* libz.dylib in Frameworks */,
			);
			runOnlyForDeploymentPostprocessing = 0;
		};
/* End PBXFrameworksBuildPhase section */

/* Begin PBXGroup section */
		080E96DDFE201D6D7F000001 /* Classes */ = {
			isa = PBXGroup;
			children = (
				7D04BD6C0EDE5AC500F5A842 /* App&Delegate */,
				7D04BD6B0EDE5AB600F5A842 /* Cells */,
				7D04BD6D0EDE5ADC00F5A842 /* Tabs */,
				7D04BD740EDE5BEB00F5A842 /* Upgrade */,
			);
			path = Classes;
			sourceTree = "<group>";
		};
		19C28FACFE9D520D11CA2CBB /* Products */ = {
			isa = PBXGroup;
			children = (
				1D6058910D05DD3D006BFB54 /* UniBus.app */,
				7DC993D51079BE470079759D /* iBusVan.app */,
			);
			name = Products;
			sourceTree = "<group>";
		};
		29B97314FDCFA39411CA2CEA /* iBus-Universal */ = {
			isa = PBXGroup;
			children = (
				7DC994F31079C42F0079759D /* data */,
				7D2B8BEB0EF3B2A400818326 /* document */,
				7D767C0F0E857B7500CEFE8A /* BusQuery */,
				080E96DDFE201D6D7F000001 /* Classes */,
				29B97315FDCFA39411CA2CEA /* Other Sources */,
				29B97317FDCFA39411CA2CEA /* Resources */,
				29B97323FDCFA39411CA2CEA /* Frameworks */,
				19C28FACFE9D520D11CA2CBB /* Products */,
				7D47AC6F1080824C00A83D15 /* dist.plist */,
			);
			name = "iBus-Universal";
			sourceTree = "<group>";
		};
		29B97315FDCFA39411CA2CEA /* Other Sources */ = {
			isa = PBXGroup;
			children = (
				28A0AB4B0D9B1048005BE974 /* iBus_Fixed_Prefix.pch */,
				29B97316FDCFA39411CA2CEA /* main.m */,
			);
			name = "Other Sources";
			sourceTree = "<group>";
		};
		29B97317FDCFA39411CA2CEA /* Resources */ = {
			isa = PBXGroup;
			children = (
				7D04BD880EDE62F600F5A842 /* UI */,
				7D04BD860EDE62C400F5A842 /* Icons */,
				7D04BD890EDE631B00F5A842 /* Others */,
				8D1107310486CEB800E47090 /* Info.plist */,
				7DC994E41079C3910079759D /* iBusVan-Info.plist */,
			);
			name = Resources;
			sourceTree = "<group>";
		};
		29B97323FDCFA39411CA2CEA /* Frameworks */ = {
			isa = PBXGroup;
			children = (
				7D97A66B106F96750071CCAC /* libz.dylib */,
				7D7794730EE37899009F665D /* SystemConfiguration.framework */,
				7D80D92A0E92A0D3005DA0D5 /* CoreLocation.framework */,
				7D127E930E8648E20068D300 /* libsqlite3.0.dylib */,
				7D76F46D0E85BAED0040B004 /* CoreGraphics.framework */,
				1DF5F4DF0D08C38300B7A737 /* UIKit.framework */,
				1D30AB110D05D00D00671497 /* Foundation.framework */,
			);
			name = Frameworks;
			sourceTree = "<group>";
		};
		7D04BD6B0EDE5AB600F5A842 /* Cells */ = {
			isa = PBXGroup;
			children = (
				7D767C0A0E85791100CEFE8A /* ArrivalCell.h */,
				7D767C0B0E85791100CEFE8A /* ArrivalCell.m */,
				7D767C070E85790400CEFE8A /* StopCell.h */,
				7D767C080E85790400CEFE8A /* StopCell.m */,
				7D8D687F0EE14198009A5F4E /* MiscCells.h */,
				7D8D68800EE14198009A5F4E /* MiscCells.m */,
			);
			name = Cells;
			sourceTree = "<group>";
		};
		7D04BD6C0EDE5AC500F5A842 /* App&Delegate */ = {
			isa = PBXGroup;
			children = (
				7D76F41B0E85B8C50040B004 /* TransitApp.h */,
				7D76F41C0E85B8C50040B004 /* TransitApp.m */,
				1D3623240D0F684500981E51 /* TransitAppDelegate.h */,
				1D3623250D0F684500981E51 /* TransitAppDelegate.m */,
			);
			name = "App&Delegate";
			sourceTree = "<group>";
		};
		7D04BD6D0EDE5ADC00F5A842 /* Tabs */ = {
			isa = PBXGroup;
			children = (
				7D04BD730EDE5B7500F5A842 /* Common */,
				7D04BD6E0EDE5AF700F5A842 /* Favorites */,
				7D04BD710EDE5B3100F5A842 /* StopSearch */,
				7D04BD720EDE5B3900F5A842 /* RouteSearch */,
				7D04BD700EDE5B2800F5A842 /* Nearby */,
				7D04BD6F0EDE5B1600F5A842 /* Settings */,
			);
			name = Tabs;
			sourceTree = "<group>";
		};
		7D04BD6E0EDE5AF700F5A842 /* Favorites */ = {
			isa = PBXGroup;
			children = (
				7D9FFF1C102CAACB007D885D /* FavoriteViewController2.h */,
				7D9FFF1B102CAACB007D885D /* FavoriteViewController2.m */,
				7D83B3E20E885F4400DCB5EC /* FavoriteViewController.h */,
				7D83B3E30E885F4400DCB5EC /* FavoriteViewController.m */,
				7D142D78102C167600AE6927 /* TagManagerViewController.h */,
				7D142D79102C167600AE6927 /* TagManagerViewController.m */,
				7D142D91102C268000AE6927 /* TagAddingViewController.h */,
				7D142D92102C268000AE6927 /* TagAddingViewController.m */,
			);
			name = Favorites;
			sourceTree = "<group>";
		};
		7D04BD6F0EDE5B1600F5A842 /* Settings */ = {
			isa = PBXGroup;
			children = (
				7D466180107D1C20005B6233 /* UniVersion */,
				7D465FAC107C5E20005B6233 /* FixedVersion */,
				7D61AD0F0EE06FDB0023BCC4 /* DownloadManager.h */,
				7D61AD100EE06FDB0023BCC4 /* DownloadManager.m */,
				7D76F4DC0E85BB310040B004 /* SettingsViewController.h */,
				7D59C9C30E94A9EC00FEA89A /* CitySelectViewController.h */,
				7D59C9C40E94A9EC00FEA89A /* CitySelectViewController.m */,
				7D80CF160EB3A9FE00291BEF /* GTFSCity.h */,
				7D80CF170EB3A9FE00291BEF /* GTFSCity.m */,
				7D2F88AB0EAF12E0008FCA45 /* CityUpdateViewController.h */,
				7D768FDF0EDFDE2000FA3DFF /* InfoViewController.h */,
				7D768FE00EDFDE2000FA3DFF /* InfoViewController.m */,
				7D036686100C4CDD00685E44 /* AboutViewController.h */,
				7D036687100C4CDD00685E44 /* AboutViewController.m */,
			);
			name = Settings;
			sourceTree = "<group>";
		};
		7D04BD700EDE5B2800F5A842 /* Nearby */ = {
			isa = PBXGroup;
			children = (
				7D88EF640E91D92F00DF4ED4 /* NearbyViewController.h */,
				7D88EF650E91D92F00DF4ED4 /* NearbyViewController.m */,
			);
			name = Nearby;
			sourceTree = "<group>";
		};
		7D04BD710EDE5B3100F5A842 /* StopSearch */ = {
			isa = PBXGroup;
			children = (
				7D127E1B0E8636000068D300 /* StopSearchViewController.h */,
				7D127E1C0E8636000068D300 /* StopSearchViewController.m */,
			);
			name = StopSearch;
			sourceTree = "<group>";
		};
		7D04BD720EDE5B3900F5A842 /* RouteSearch */ = {
			isa = PBXGroup;
			children = (
				7DCE89570ED3423C0087676B /* RouteSearchViewController.h */,
				7DCE89580ED3423C0087676B /* RouteSearchViewController.m */,
				7D04BD680EDE5A9000F5A842 /* RouteTripsViewController.h */,
				7D04BD690EDE5A9000F5A842 /* RouteTripsViewController.m */,
				7D86E7E50ED53576006FC259 /* TripStopsViewController.h */,
				7D86E7E60ED53576006FC259 /* TripStopsViewController.m */,
				7DC4E36D0EDF037700C72123 /* TripMapViewController.h */,
				7DC4E36E0EDF037700C72123 /* TripMapViewController.m */,
			);
			name = RouteSearch;
			sourceTree = "<group>";
		};
		7D04BD730EDE5B7500F5A842 /* Common */ = {
			isa = PBXGroup;
			children = (
				7D767C030E8578E300CEFE8A /* StopsViewController.h */,
				7D767C040E8578E300CEFE8A /* StopsViewController.m */,
				7D9EBA9B0E8765C70004E4D4 /* RouteActionViewController.h */,
				7D9EBA9C0E8765C70004E4D4 /* RouteActionViewController.m */,
				7D9EBB270E877DAA0004E4D4 /* RouteScheduleViewController.h */,
				7D9EBB280E877DAA0004E4D4 /* RouteScheduleViewController.m */,
				7D83B0E70E88242000DCB5EC /* DatePickViewController.h */,
				7D83B0E80E88242000DCB5EC /* DatePickViewController.m */,
				7DA113EC0EF8F10100CEB9F4 /* NoNetworkView.h */,
				7DA113ED0EF8F10100CEB9F4 /* NoNetworkView.m */,
				7D767C010E8578E300CEFE8A /* MapViewController.h */,
				7D767C020E8578E300CEFE8A /* MapViewController.m */,
				7DC4E3680EDF030300C72123 /* StopMapViewController.h */,
				7DC4E3690EDF030300C72123 /* StopMapViewController.m */,
				7D6C0FBF102A9295002739BE /* StopActionViewController.h */,
				7D6C0FC0102A9295002739BE /* StopActionViewController.m */,
				7D6C0FC4102A9DD1002739BE /* StopRouteViewHeader.h */,
				7D6C0FC5102A9DD1002739BE /* StopRouteViewHeader.m */,
			);
			name = Common;
			sourceTree = "<group>";
		};
		7D04BD740EDE5BEB00F5A842 /* Upgrade */ = {
			isa = PBXGroup;
			children = (
				7D82FEEE0EB83F5A0076F988 /* Upgrade.h */,
				7D82FEEF0EB83F5A0076F988 /* Upgrade.m */,
			);
			name = Upgrade;
			sourceTree = "<group>";
		};
		7D04BD860EDE62C400F5A842 /* Icons */ = {
			isa = PBXGroup;
			children = (
				7D47AA82107FB89400A83D15 /* busIcon_m.png */,
				7D7FE1DF107E6FF700F9D8C0 /* busIcon_g.png */,
				7DA113E30EF8EBEC00CEB9F4 /* wireless.png */,
				7D762D660EF1A47D00018CBA /* typebusicon.png */,
				7D762D670EF1A47D00018CBA /* typeferryicon.png */,
				7D762D680EF1A47D00018CBA /* typetramicon.png */,
				7D762D5F0EF19F6C00018CBA /* typetrainicon.png */,
				7D6C1078102AAC81002739BE /* typestopicon.png */,
				7D8C9D8D0EE5309200D4911C /* info.png */,
				7D8C9D8E0EE5309200D4911C /* offline.png */,
				7D8C9D8F0EE5309200D4911C /* route.png */,
				7D8C9D900EE5309200D4911C /* stop.png */,
				7D8C9D910EE5309200D4911C /* update.png */,
				7DF6A1620E9CAE60002B9659 /* Default.png */,
				7D80D9480E92A1F6005DA0D5 /* search.png */,
				7D80D9460E92A1C1005DA0D5 /* setting.png */,
				7D80D9380E92A134005DA0D5 /* busIcon.png */,
				7D80D9390E92A134005DA0D5 /* closest.png */,
				7D76F64E0E85C5B20040B004 /* mapicon.png */,
			);
			name = Icons;
			sourceTree = "<group>";
		};
		7D04BD880EDE62F600F5A842 /* UI */ = {
			isa = PBXGroup;
			children = (
				28AD73870D9D96C1002E5188 /* MainWindow.xib */,
				7D83B0E40E88234100DCB5EC /* DatePickView.xib */,
				7D142D74102C109800AE6927 /* TagAddingView.xib */,
			);
			name = UI;
			sourceTree = "<group>";
		};
		7D04BD890EDE631B00F5A842 /* Others */ = {
			isa = PBXGroup;
			children = (
				7D47AAC5107FC63500A83D15 /* aboutvan.html */,
				7D7B00620E9DC62700DDABDC /* about.html */,
			);
			name = Others;
			sourceTree = "<group>";
		};
		7D04BD8A0EDE633F00F5A842 /* General */ = {
			isa = PBXGroup;
			children = (
				7D127EA00E8649170068D300 /* General.h */,
				7D127E9F0E8649170068D300 /* General.c */,
				7D04BDE20EDE6ADD00F5A842 /* PhpXmlQuery.h */,
				7D04BDE30EDE6ADD00F5A842 /* PhpXmlQuery.m */,
			);
			name = General;
			sourceTree = "<group>";
		};
		7D04BD8B0EDE634E00F5A842 /* Arrivals */ = {
			isa = PBXGroup;
			children = (
				7D767C120E857B8700CEFE8A /* BusArrival.h */,
				7D767C130E857B8700CEFE8A /* BusArrival.m */,
				7D767C100E857B8700CEFE8A /* ArrivalQuery.h */,
				7D767C110E857B8700CEFE8A /* ArrivalQuery.m */,
			);
			name = Arrivals;
			sourceTree = "<group>";
		};
		7D04BD8C0EDE635900F5A842 /* Stops */ = {
			isa = PBXGroup;
			children = (
				7D767C140E857B8700CEFE8A /* BusStop.h */,
				7D767C150E857B8700CEFE8A /* BusStop.m */,
				7D767C1E0E857B8700CEFE8A /* StopQuery.h */,
				7D767C1F0E857B8700CEFE8A /* StopQuery.m */,
			);
			name = Stops;
			sourceTree = "<group>";
		};
		7D04BD8D0EDE636500F5A842 /* Routes */ = {
			isa = PBXGroup;
			children = (
				7DCE895A0ED343700087676B /* BusRoute.h */,
				7DCE895B0ED343700087676B /* BusRoute.m */,
				7DCE895D0ED345A00087676B /* RouteQuery.h */,
				7DCE895E0ED345A00087676B /* RouteQuery.m */,
				7D33B2611025514A00B780CA /* RouteStops.h */,
				7D33B2621025514A00B780CA /* RouteStops.m */,
			);
			name = Routes;
			sourceTree = "<group>";
		};
		7D04BDBC0EDE686500F5A842 /* Trips */ = {
			isa = PBXGroup;
			children = (
				7DDB1B4E0EDE55FA004945AE /* BusTrip.h */,
				7DDB1B4F0EDE55FA004945AE /* BusTrip.m */,
				7D04BDB70EDE67A600F5A842 /* TripQuery.h */,
				7D04BDB80EDE67A600F5A842 /* TripQuery.m */,
			);
			name = Trips;
			sourceTree = "<group>";
		};
		7D2B8BEB0EF3B2A400818326 /* document */ = {
			isa = PBXGroup;
			children = (
				7D2B8BEC0EF3B2EA00818326 /* Memorandum.docx */,
				7D2B8BED0EF3B2EA00818326 /* Release Checklist.docx */,
				7D2B8BEE0EF3B2EA00818326 /* Test Checklist.docx */,
				7D2B8BF00EF3B2EA00818326 /* To_Do_List.docx */,
			);
			path = document;
			sourceTree = "<group>";
		};
		7D465FAC107C5E20005B6233 /* FixedVersion */ = {
			isa = PBXGroup;
			children = (
				7D465FC1107C5E61005B6233 /* CityUpdateViewController2.m */,
				7D465FAA107C5D1F005B6233 /* SettingsViewController2.m */,
			);
			name = FixedVersion;
			sourceTree = "<group>";
		};
		7D466180107D1C20005B6233 /* UniVersion */ = {
			isa = PBXGroup;
			children = (
				7D2F88AC0EAF12E0008FCA45 /* CityUpdateViewController.m */,
				7D8D68720EE11A44009A5F4E /* OfflineViewController.h */,
				7D8D68730EE11A44009A5F4E /* OfflineViewController.m */,
				7D76F4DD0E85BB310040B004 /* SettingsViewController.m */,
			);
			name = UniVersion;
			sourceTree = "<group>";
		};
		7D767C0F0E857B7500CEFE8A /* BusQuery */ = {
			isa = PBXGroup;
			children = (
				7D04BD8A0EDE633F00F5A842 /* General */,
				7D04BD8C0EDE635900F5A842 /* Stops */,
				7D04BD8B0EDE634E00F5A842 /* Arrivals */,
				7D04BD8D0EDE636500F5A842 /* Routes */,
				7D04BDBC0EDE686500F5A842 /* Trips */,
				7D8D69E90EE1F9A8009A5F4E /* OffLine */,
			);
			path = BusQuery;
			sourceTree = "<group>";
		};
		7D8D69E90EE1F9A8009A5F4E /* OffLine */ = {
			isa = PBXGroup;
			children = (
				7D8D69EE0EE1FB83009A5F4E /* OfflineQuery.h */,
				7D8D69EF0EE1FB83009A5F4E /* OfflineQuery.m */,
			);
			name = OffLine;
			sourceTree = "<group>";
		};
		7DC994F31079C42F0079759D /* data */ = {
			isa = PBXGroup;
			children = (
				7DC994F41079C42F0079759D /* gtfs_info.sqlite */,
				7DC994F71079C42F0079759D /* supportedcities.lst */,
				7DC994F51079C42F0079759D /* import_gtfs_info.py */,
				7DC994F61079C42F0079759D /* ontario */,
				7DC994F81079C42F0079759D /* vancouver */,
			);
			path = data;
			sourceTree = "<group>";
		};
		7DC994F61079C42F0079759D /* ontario */ = {
			isa = PBXGroup;
			children = (
			);
			path = ontario;
			sourceTree = "<group>";
		};
		7DC994F81079C42F0079759D /* vancouver */ = {
			isa = PBXGroup;
			children = (
				7DC994F91079C42F0079759D /* create_gtfs_info.py */,
				7DC994FB1079C42F0079759D /* local.lst */,
				7DC994FA1079C42F0079759D /* gtfs_info.vancouver */,
				7DC994FD1079C8F60079759D /* vancouver.sqlite */,
			);
			path = vancouver;
			sourceTree = "<group>";
		};
/* End PBXGroup section */

/* Begin PBXNativeTarget section */
		1D6058900D05DD3D006BFB54 /* UniBus */ = {
			isa = PBXNativeTarget;
			buildConfigurationList = 1D6058960D05DD3E006BFB54 /* Build configuration list for PBXNativeTarget "UniBus" */;
			buildPhases = (
				1D60588D0D05DD3D006BFB54 /* Resources */,
				1D60588E0D05DD3D006BFB54 /* Sources */,
				1D60588F0D05DD3D006BFB54 /* Frameworks */,
			);
			buildRules = (
			);
			dependencies = (
			);
			name = UniBus;
			productName = "iBus-Universal";
			productReference = 1D6058910D05DD3D006BFB54 /* UniBus.app */;
			productType = "com.apple.product-type.application";
		};
		7DC993801079BE470079759D /* iBusVan */ = {
			isa = PBXNativeTarget;
			buildConfigurationList = 7DC993D11079BE470079759D /* Build configuration list for PBXNativeTarget "iBusVan" */;
			buildPhases = (
				7DC993811079BE470079759D /* Resources */,
				7DC993991079BE470079759D /* Sources */,
				7DC993C91079BE470079759D /* Frameworks */,
			);
			buildRules = (
			);
			dependencies = (
			);
			name = iBusVan;
			productName = "iBus-Universal";
			productReference = 7DC993D51079BE470079759D /* iBusVan.app */;
			productType = "com.apple.product-type.application";
		};
/* End PBXNativeTarget section */

/* Begin PBXProject section */
		29B97313FDCFA39411CA2CEA /* Project object */ = {
			isa = PBXProject;
			buildConfigurationList = C01FCF4E08A954540054247B /* Build configuration list for PBXProject "iBus-Fixed" */;
			compatibilityVersion = "Xcode 3.1";
			hasScannedForEncodings = 1;
			mainGroup = 29B97314FDCFA39411CA2CEA /* iBus-Universal */;
			projectDirPath = "";
			projectRoot = "";
			targets = (
				1D6058900D05DD3D006BFB54 /* UniBus */,
				7DC993801079BE470079759D /* iBusVan */,
			);
		};
/* End PBXProject section */

/* Begin PBXResourcesBuildPhase section */
		1D60588D0D05DD3D006BFB54 /* Resources */ = {
			isa = PBXResourcesBuildPhase;
			buildActionMask = 2147483647;
			files = (
				28AD73880D9D96C1002E5188 /* MainWindow.xib in Resources */,
				7D76F64F0E85C5B20040B004 /* mapicon.png in Resources */,
				7D83B0E50E88234100DCB5EC /* DatePickView.xib in Resources */,
				7D80D93A0E92A134005DA0D5 /* busIcon.png in Resources */,
				7D80D93B0E92A134005DA0D5 /* closest.png in Resources */,
				7D80D9470E92A1C1005DA0D5 /* setting.png in Resources */,
				7D80D9490E92A1F6005DA0D5 /* search.png in Resources */,
				7DF6A1630E9CAE60002B9659 /* Default.png in Resources */,
				7D7B00630E9DC62700DDABDC /* about.html in Resources */,
				7D8C9D920EE5309200D4911C /* info.png in Resources */,
				7D8C9D930EE5309200D4911C /* offline.png in Resources */,
				7D8C9D940EE5309200D4911C /* route.png in Resources */,
				7D8C9D950EE5309200D4911C /* stop.png in Resources */,
				7D8C9D960EE5309200D4911C /* update.png in Resources */,
				7D762D600EF19F6C00018CBA /* typetrainicon.png in Resources */,
				7D762D690EF1A47D00018CBA /* typebusicon.png in Resources */,
				7D762D6A0EF1A47D00018CBA /* typeferryicon.png in Resources */,
				7D762D6B0EF1A47D00018CBA /* typetramicon.png in Resources */,
				7DA113E40EF8EBEC00CEB9F4 /* wireless.png in Resources */,
				7D6C1079102AAC81002739BE /* typestopicon.png in Resources */,
				7D142D75102C109800AE6927 /* TagAddingView.xib in Resources */,
				7DC994E51079C3910079759D /* iBusVan-Info.plist in Resources */,
			);
			runOnlyForDeploymentPostprocessing = 0;
		};
		7DC993811079BE470079759D /* Resources */ = {
			isa = PBXResourcesBuildPhase;
			buildActionMask = 2147483647;
			files = (
				7DC993821079BE470079759D /* MainWindow.xib in Resources */,
				7DC993831079BE470079759D /* mapicon.png in Resources */,
				7DC993841079BE470079759D /* DatePickView.xib in Resources */,
				7DC993851079BE470079759D /* busIcon.png in Resources */,
				7DC993861079BE470079759D /* closest.png in Resources */,
				7DC993871079BE470079759D /* setting.png in Resources */,
				7DC993881079BE470079759D /* search.png in Resources */,
				7DC9938A1079BE470079759D /* Default.png in Resources */,
				7DC9938B1079BE470079759D /* about.html in Resources */,
				7DC9938D1079BE470079759D /* info.png in Resources */,
				7DC9938E1079BE470079759D /* offline.png in Resources */,
				7DC9938F1079BE470079759D /* route.png in Resources */,
				7DC993901079BE470079759D /* stop.png in Resources */,
				7DC993911079BE470079759D /* update.png in Resources */,
				7DC993921079BE470079759D /* typetrainicon.png in Resources */,
				7DC993931079BE470079759D /* typebusicon.png in Resources */,
				7DC993941079BE470079759D /* typeferryicon.png in Resources */,
				7DC993951079BE470079759D /* typetramicon.png in Resources */,
				7DC993961079BE470079759D /* wireless.png in Resources */,
				7DC993971079BE470079759D /* typestopicon.png in Resources */,
				7DC993981079BE470079759D /* TagAddingView.xib in Resources */,
				7DC9951D1079CB4D0079759D /* local.lst in Resources */,
				7DC9951E1079CB4D0079759D /* gtfs_info.vancouver in Resources */,
				7DC994FE1079C8F60079759D /* vancouver.sqlite in Resources */,
				7D7FE1E0107E6FF700F9D8C0 /* busIcon_g.png in Resources */,
				7D47AA83107FB89400A83D15 /* busIcon_m.png in Resources */,
				7D47AAC6107FC63500A83D15 /* aboutvan.html in Resources */,
				7D47AC701080824C00A83D15 /* dist.plist in Resources */,
			);
			runOnlyForDeploymentPostprocessing = 0;
		};
/* End PBXResourcesBuildPhase section */

/* Begin PBXSourcesBuildPhase section */
		1D60588E0D05DD3D006BFB54 /* Sources */ = {
			isa = PBXSourcesBuildPhase;
			buildActionMask = 2147483647;
			files = (
				1D60589B0D05DD56006BFB54 /* main.m in Sources */,
				1D3623260D0F684500981E51 /* TransitAppDelegate.m in Sources */,
				7D767C050E8578E300CEFE8A /* MapViewController.m in Sources */,
				7D767C060E8578E300CEFE8A /* StopsViewController.m in Sources */,
				7D767C090E85790400CEFE8A /* StopCell.m in Sources */,
				7D767C0C0E85791100CEFE8A /* ArrivalCell.m in Sources */,
				7D767C200E857B8700CEFE8A /* ArrivalQuery.m in Sources */,
				7D767C210E857B8700CEFE8A /* BusArrival.m in Sources */,
				7D767C220E857B8700CEFE8A /* BusStop.m in Sources */,
				7D767C270E857B8700CEFE8A /* StopQuery.m in Sources */,
				7D76F41D0E85B8C50040B004 /* TransitApp.m in Sources */,
				7D76F4DE0E85BB310040B004 /* SettingsViewController.m in Sources */,
				7D127E1D0E8636000068D300 /* StopSearchViewController.m in Sources */,
				7D127EA10E8649170068D300 /* General.c in Sources */,
				7D9EBA9D0E8765C70004E4D4 /* RouteActionViewController.m in Sources */,
				7D9EBB290E877DAA0004E4D4 /* RouteScheduleViewController.m in Sources */,
				7D83B0E90E88242000DCB5EC /* DatePickViewController.m in Sources */,
				7D83B3E40E885F4400DCB5EC /* FavoriteViewController.m in Sources */,
				7D88EF660E91D92F00DF4ED4 /* NearbyViewController.m in Sources */,
				7D59C9C50E94A9EC00FEA89A /* CitySelectViewController.m in Sources */,
				7D2F88AD0EAF12E0008FCA45 /* CityUpdateViewController.m in Sources */,
				7D80CF180EB3A9FE00291BEF /* GTFSCity.m in Sources */,
				7D82FEF00EB83F5A0076F988 /* Upgrade.m in Sources */,
				7DCE89590ED3423C0087676B /* RouteSearchViewController.m in Sources */,
				7DCE895C0ED343700087676B /* BusRoute.m in Sources */,
				7DCE895F0ED345A00087676B /* RouteQuery.m in Sources */,
				7D86E7E70ED53576006FC259 /* TripStopsViewController.m in Sources */,
				7DDB1B500EDE55FA004945AE /* BusTrip.m in Sources */,
				7D04BD6A0EDE5A9000F5A842 /* RouteTripsViewController.m in Sources */,
				7D04BDB90EDE67A600F5A842 /* TripQuery.m in Sources */,
				7D04BDE40EDE6ADD00F5A842 /* PhpXmlQuery.m in Sources */,
				7DC4E36A0EDF030300C72123 /* StopMapViewController.m in Sources */,
				7DC4E36F0EDF037700C72123 /* TripMapViewController.m in Sources */,
				7D768FE10EDFDE2000FA3DFF /* InfoViewController.m in Sources */,
				7D61AD110EE06FDB0023BCC4 /* DownloadManager.m in Sources */,
				7D8D68740EE11A44009A5F4E /* OfflineViewController.m in Sources */,
				7D8D68810EE14198009A5F4E /* MiscCells.m in Sources */,
				7D8D69F00EE1FB83009A5F4E /* OfflineQuery.m in Sources */,
				7DA113EE0EF8F10100CEB9F4 /* NoNetworkView.m in Sources */,
				7D036688100C4CDD00685E44 /* AboutViewController.m in Sources */,
				7D33B2631025514A00B780CA /* RouteStops.m in Sources */,
				7D6C0FC1102A9295002739BE /* StopActionViewController.m in Sources */,
				7D6C0FC6102A9DD1002739BE /* StopRouteViewHeader.m in Sources */,
				7D142D7A102C167600AE6927 /* TagManagerViewController.m in Sources */,
				7D142D94102C268000AE6927 /* TagAddingViewController.m in Sources */,
				7D9FFF1D102CAACB007D885D /* FavoriteViewController2.m in Sources */,
			);
			runOnlyForDeploymentPostprocessing = 0;
		};
		7DC993991079BE470079759D /* Sources */ = {
			isa = PBXSourcesBuildPhase;
			buildActionMask = 2147483647;
			files = (
				7DC9939A1079BE470079759D /* main.m in Sources */,
				7DC9939B1079BE470079759D /* TransitAppDelegate.m in Sources */,
				7DC9939C1079BE470079759D /* MapViewController.m in Sources */,
				7DC9939D1079BE470079759D /* StopsViewController.m in Sources */,
				7DC9939E1079BE470079759D /* StopCell.m in Sources */,
				7DC9939F1079BE470079759D /* ArrivalCell.m in Sources */,
				7DC993A01079BE470079759D /* ArrivalQuery.m in Sources */,
				7DC993A11079BE470079759D /* BusArrival.m in Sources */,
				7DC993A21079BE470079759D /* BusStop.m in Sources */,
				7DC993A31079BE470079759D /* StopQuery.m in Sources */,
				7DC993A41079BE470079759D /* TransitApp.m in Sources */,
				7DC993A61079BE470079759D /* StopSearchViewController.m in Sources */,
				7DC993A71079BE470079759D /* General.c in Sources */,
				7DC993A81079BE470079759D /* RouteActionViewController.m in Sources */,
				7DC993A91079BE470079759D /* RouteScheduleViewController.m in Sources */,
				7DC993AA1079BE470079759D /* DatePickViewController.m in Sources */,
				7DC993AB1079BE470079759D /* FavoriteViewController.m in Sources */,
				7DC993AC1079BE470079759D /* NearbyViewController.m in Sources */,
				7DC993AD1079BE470079759D /* CitySelectViewController.m in Sources */,
				7DC993AF1079BE470079759D /* GTFSCity.m in Sources */,
				7DC993B01079BE470079759D /* Upgrade.m in Sources */,
				7DC993B11079BE470079759D /* RouteSearchViewController.m in Sources */,
				7DC993B21079BE470079759D /* BusRoute.m in Sources */,
				7DC993B31079BE470079759D /* RouteQuery.m in Sources */,
				7DC993B41079BE470079759D /* TripStopsViewController.m in Sources */,
				7DC993B51079BE470079759D /* BusTrip.m in Sources */,
				7DC993B61079BE470079759D /* RouteTripsViewController.m in Sources */,
				7DC993B71079BE470079759D /* TripQuery.m in Sources */,
				7DC993B81079BE470079759D /* PhpXmlQuery.m in Sources */,
				7DC993B91079BE470079759D /* StopMapViewController.m in Sources */,
				7DC993BA1079BE470079759D /* TripMapViewController.m in Sources */,
				7DC993BB1079BE470079759D /* InfoViewController.m in Sources */,
				7DC993BC1079BE470079759D /* DownloadManager.m in Sources */,
				7DC993BE1079BE470079759D /* MiscCells.m in Sources */,
				7DC993BF1079BE470079759D /* OfflineQuery.m in Sources */,
				7DC993C01079BE470079759D /* NoNetworkView.m in Sources */,
				7DC993C11079BE470079759D /* AboutViewController.m in Sources */,
				7DC993C21079BE470079759D /* RouteStops.m in Sources */,
				7DC993C31079BE470079759D /* StopActionViewController.m in Sources */,
				7DC993C41079BE470079759D /* StopRouteViewHeader.m in Sources */,
				7DC993C51079BE470079759D /* TagManagerViewController.m in Sources */,
				7DC993C61079BE470079759D /* TagAddingViewController.m in Sources */,
				7DC993C71079BE470079759D /* FavoriteViewController2.m in Sources */,
				7D465FAB107C5D1F005B6233 /* SettingsViewController2.m in Sources */,
				7D465FC2107C5E61005B6233 /* CityUpdateViewController2.m in Sources */,
			);
			runOnlyForDeploymentPostprocessing = 0;
		};
/* End PBXSourcesBuildPhase section */

/* Begin XCBuildConfiguration section */
		1D6058940D05DD3E006BFB54 /* Debug */ = {
			isa = XCBuildConfiguration;
			buildSettings = {
				ALWAYS_SEARCH_USER_PATHS = NO;
				COPY_PHASE_STRIP = NO;
				GCC_DYNAMIC_NO_PIC = NO;
				GCC_OPTIMIZATION_LEVEL = 0;
				GCC_PRECOMPILE_PREFIX_HEADER = YES;
				GCC_PREFIX_HEADER = iBus_Fixed_Prefix.pch;
				INFOPLIST_FILE = Info.plist;
				PRODUCT_NAME = UniBus;
			};
			name = Debug;
		};
		1D6058950D05DD3E006BFB54 /* Release */ = {
			isa = XCBuildConfiguration;
			buildSettings = {
				ALWAYS_SEARCH_USER_PATHS = NO;
				COPY_PHASE_STRIP = YES;
				GCC_PRECOMPILE_PREFIX_HEADER = YES;
				GCC_PREFIX_HEADER = iBus_Universal_Prefix.pch;
				INFOPLIST_FILE = Info.plist;
				PRODUCT_NAME = UniBus;
			};
			name = Release;
		};
		7D47AC3D1080799700A83D15 /* DistributionAdhoc */ = {
			isa = XCBuildConfiguration;
			buildSettings = {
				ARCHS = "$(ARCHS_STANDARD_32_BIT)";
				CODE_SIGN_ENTITLEMENTS = dist.plist;
				"CODE_SIGN_IDENTITY[sdk=iphoneos*]" = "iPhone Distribution: Zhenwang Yao";
				GCC_C_LANGUAGE_STANDARD = c99;
				GCC_WARN_ABOUT_RETURN_TYPE = YES;
				GCC_WARN_UNUSED_VARIABLE = YES;
				PREBINDING = NO;
				"PROVISIONING_PROFILE[sdk=iphoneos*]" = "3575DDB5-CE2E-4E25-B0B0-A0B45BC760D7";
				SDKROOT = iphoneos2.0;
			};
			name = DistributionAdhoc;
		};
		7D47AC3E1080799700A83D15 /* DistributionAdhoc */ = {
			isa = XCBuildConfiguration;
			buildSettings = {
				ALWAYS_SEARCH_USER_PATHS = NO;
				COPY_PHASE_STRIP = YES;
				GCC_PRECOMPILE_PREFIX_HEADER = YES;
				GCC_PREFIX_HEADER = iBus_Universal_Prefix.pch;
				INFOPLIST_FILE = Info.plist;
				PRODUCT_NAME = UniBus;
			};
			name = DistributionAdhoc;
		};
		7D47AC3F1080799700A83D15 /* DistributionAdhoc */ = {
			isa = XCBuildConfiguration;
			buildSettings = {
				ALWAYS_SEARCH_USER_PATHS = NO;
				COPY_PHASE_STRIP = YES;
				GCC_PRECOMPILE_PREFIX_HEADER = YES;
				GCC_PREFIX_HEADER = iBus_Fixed_Prefix.pch;
				INFOPLIST_FILE = "iBusVan-Info.plist";
				PRODUCT_NAME = iBusVan;
			};
			name = DistributionAdhoc;
		};
		7D8C944E0E9DFB1000E4CF76 /* Distribution */ = {
			isa = XCBuildConfiguration;
			buildSettings = {
				ARCHS = "$(ARCHS_STANDARD_32_BIT)";
				"CODE_SIGN_IDENTITY[sdk=iphoneos*]" = "iPhone Distribution: Zhenwang Yao";
				GCC_C_LANGUAGE_STANDARD = c99;
				GCC_WARN_ABOUT_RETURN_TYPE = YES;
				GCC_WARN_UNUSED_VARIABLE = YES;
				PREBINDING = NO;
				"PROVISIONING_PROFILE[sdk=iphoneos*]" = "7AF28CA9-73F8-4751-8E7B-1E5AE7130BAF";
				SDKROOT = iphoneos2.0;
			};
			name = Distribution;
		};
		7D8C944F0E9DFB1000E4CF76 /* Distribution */ = {
			isa = XCBuildConfiguration;
			buildSettings = {
				ALWAYS_SEARCH_USER_PATHS = NO;
				COPY_PHASE_STRIP = YES;
				GCC_PRECOMPILE_PREFIX_HEADER = YES;
				GCC_PREFIX_HEADER = iBus_Universal_Prefix.pch;
				INFOPLIST_FILE = Info.plist;
				PRODUCT_NAME = UniBus;
			};
			name = Distribution;
		};
		7DC993D21079BE470079759D /* Debug */ = {
			isa = XCBuildConfiguration;
			buildSettings = {
				ALWAYS_SEARCH_USER_PATHS = NO;
				COPY_PHASE_STRIP = NO;
				GCC_DYNAMIC_NO_PIC = NO;
				GCC_OPTIMIZATION_LEVEL = 0;
				GCC_PRECOMPILE_PREFIX_HEADER = YES;
				GCC_PREFIX_HEADER = iBus_Fixed_Prefix.pch;
				INFOPLIST_FILE = "iBusVan-Info.plist";
				PRODUCT_NAME = iBusVan;
			};
			name = Debug;
		};
		7DC993D31079BE470079759D /* Release */ = {
			isa = XCBuildConfiguration;
			buildSettings = {
				ALWAYS_SEARCH_USER_PATHS = NO;
				COPY_PHASE_STRIP = YES;
				GCC_PRECOMPILE_PREFIX_HEADER = YES;
				GCC_PREFIX_HEADER = iBus_Fixed_Prefix.pch;
				INFOPLIST_FILE = "iBusVan-Info.plist";
				PRODUCT_NAME = iBusVan;
			};
			name = Release;
		};
		7DC993D41079BE470079759D /* Distribution */ = {
			isa = XCBuildConfiguration;
			buildSettings = {
				ALWAYS_SEARCH_USER_PATHS = NO;
				COPY_PHASE_STRIP = YES;
				GCC_PRECOMPILE_PREFIX_HEADER = YES;
				GCC_PREFIX_HEADER = iBus_Fixed_Prefix.pch;
				INFOPLIST_FILE = "iBusVan-Info.plist";
				PRODUCT_NAME = iBusVan;
			};
			name = Distribution;
		};
		C01FCF4F08A954540054247B /* Debug */ = {
			isa = XCBuildConfiguration;
			buildSettings = {
				ARCHS = "$(ARCHS_STANDARD_32_BIT)";
				"CODE_SIGN_IDENTITY[sdk=iphoneos*]" = "iPhone Developer";
				GCC_C_LANGUAGE_STANDARD = c99;
				GCC_WARN_ABOUT_RETURN_TYPE = YES;
				GCC_WARN_UNUSED_VARIABLE = YES;
				ONLY_ACTIVE_ARCH = YES;
				PREBINDING = NO;
				"PROVISIONING_PROFILE[sdk=iphoneos*]" = "";
				SDKROOT = iphoneos2.0;
			};
			name = Debug;
		};
		C01FCF5008A954540054247B /* Release */ = {
			isa = XCBuildConfiguration;
			buildSettings = {
				ARCHS = "$(ARCHS_STANDARD_32_BIT)";
				"CODE_SIGN_IDENTITY[sdk=iphoneos*]" = "iPhone Developer";
				GCC_C_LANGUAGE_STANDARD = c99;
				GCC_WARN_ABOUT_RETURN_TYPE = YES;
				GCC_WARN_UNUSED_VARIABLE = YES;
				PREBINDING = NO;
				"PROVISIONING_PROFILE[sdk=iphoneos*]" = "";
				SDKROOT = iphoneos2.0;
			};
			name = Release;
		};
/* End XCBuildConfiguration section */

/* Begin XCConfigurationList section */
		1D6058960D05DD3E006BFB54 /* Build configuration list for PBXNativeTarget "UniBus" */ = {
			isa = XCConfigurationList;
			buildConfigurations = (
				1D6058940D05DD3E006BFB54 /* Debug */,
				1D6058950D05DD3E006BFB54 /* Release */,
				7D8C944F0E9DFB1000E4CF76 /* Distribution */,
				7D47AC3E1080799700A83D15 /* DistributionAdhoc */,
			);
			defaultConfigurationIsVisible = 0;
			defaultConfigurationName = Release;
		};
		7DC993D11079BE470079759D /* Build configuration list for PBXNativeTarget "iBusVan" */ = {
			isa = XCConfigurationList;
			buildConfigurations = (
				7DC993D21079BE470079759D /* Debug */,
				7DC993D31079BE470079759D /* Release */,
				7DC993D41079BE470079759D /* Distribution */,
				7D47AC3F1080799700A83D15 /* DistributionAdhoc */,
			);
			defaultConfigurationIsVisible = 0;
			defaultConfigurationName = Release;
		};
		C01FCF4E08A954540054247B /* Build configuration list for PBXProject "iBus-Fixed" */ = {
			isa = XCConfigurationList;
			buildConfigurations = (
				C01FCF4F08A954540054247B /* Debug */,
				C01FCF5008A954540054247B /* Release */,
				7D8C944E0E9DFB1000E4CF76 /* Distribution */,
				7D47AC3D1080799700A83D15 /* DistributionAdhoc */,
			);
			defaultConfigurationIsVisible = 0;
			defaultConfigurationName = Release;
		};
/* End XCConfigurationList section */
	};
	rootObject = 29B97313FDCFA39411CA2CEA /* Project object */;
}
